{
  "object": {
    "pins": [
      {
        "package": "combine-schedulers",
        "repositoryURL": "https://github.com/pointfreeco/combine-schedulers.git",
        "state": {
          "branch": null,
          "revision": "4cf088c29a20f52be0f2ca54992b492c54e0076b",
          "version": "0.5.3"
        }
      },
      {
        "package": "HandySwift",
        "repositoryURL": "https://github.com/Flinesoft/HandySwift.git",
        "state": {
          "branch": null,
          "revision": "50b84f0fa735cae0e2bc3155609d4b00e2ce854c",
          "version": "3.3.0"
        }
      },
      {
        "package": "Microya",
        "repositoryURL": "https://github.com/Flinesoft/Microya.git",
        "state": {
          "branch": "main",
          "revision": "ab94fc312b67268e3e8902f54913001dea630753",
          "version": null
        }
      },
      {
        "package": "MungoHealer",
        "repositoryURL": "https://github.com/JamitLabs/MungoHealer.git",
        "state": {
          "branch": null,
          "revision": "132e5e454298958f60ca6f1f34c733bc41f299e0",
          "version": "0.3.2"
        }
      },
      {
        "package": "Rainbow",
        "repositoryURL": "https://github.com/onevcat/Rainbow.git",
        "state": {
          "branch": null,
          "revision": "626c3d4b6b55354b4af3aa309f998fae9b31a3d9",
          "version": "3.2.0"
        }
      },
      {
        "package": "SwiftSyntax",
        "repositoryURL": "https://github.com/apple/swift-syntax.git",
        "state": {
          "branch": null,
          "revision": "75e60475d9d8fd5bbc16a12e0eaa2cb01b0c322e",
          "version": "0.50500.0"
        }
      },
      {
        "package": "Toml",
        "repositoryURL": "https://github.com/jdfergason/swift-toml.git",
        "state": {
          "branch": "master",
          "revision": "f26573bd49534f68ac11c2f7467c1d50cdb2afce",
          "version": null
        }
      },
      {
        "package": "SwiftCLI",
        "repositoryURL": "https://github.com/jakeheis/SwiftCLI.git",
        "state": {
          "branch": null,
          "revision": "2e949055d9797c1a6bddcda0e58dada16cc8e970",
          "version": "6.0.3"
        }
      },
      {
        "package": "xctest-dynamic-overlay",
        "repositoryURL": "https://github.com/pointfreeco/xctest-dynamic-overlay",
        "state": {
          "branch": null,
          "revision": "50a70a9d3583fe228ce672e8923010c8df2deddd",
          "version": "0.2.1"
        }
      }
    ]
  },
  "version": 1
}
