{
  "object": {
    "pins": [
      {
        "package": "HandySwift",
        "repositoryURL": "https://github.com/Flinesoft/HandySwift.git",
        "state": {
          "branch": null,
          "revision": "dfa0f27ac41b8f1129581a62d1d65c355cb0b3a3",
          "version": "2.7.0"
        }
      },
      {
        "package": "PromiseKit",
        "repositoryURL": "https://github.com/mxcl/PromiseKit.git",
        "state": {
          "branch": null,
          "revision": "66bcc386163121f14ee543aa20b682973cc98dd7",
          "version": "6.5.2"
        }
      },
      {
        "package": "Rainbow",
        "repositoryURL": "https://github.com/onevcat/Rainbow.git",
        "state": {
          "branch": null,
          "revision": "797a68d0a642609424b08f11eb56974a54d5f6e2",
          "version": "3.1.4"
        }
      },
      {
        "package": "SwiftCLI",
        "repositoryURL": "https://github.com/jakeheis/SwiftCLI.git",
        "state": {
          "branch": null,
          "revision": "37f4a7f863f6fe76ce44fc0023f331eea0089beb",
          "version": "5.2.0"
        }
      }
    ]
  },
  "version": 1
}
