// !$*UTF8*$!
{
	archiveVersion = 1;
	classes = {
	};
	objectVersion = 46;
	objects = {

/* Begin PBXBuildFile section */
		00CAD5FE1F7A6CDA0090DD38 /* Polyglot.swift in Sources */ = {isa = PBXBuildFile; fileRef = 00CAD5FB1F7A6CC40090DD38 /* Polyglot.swift */; };
		00CAD5FF1F7A6CDA0090DD38 /* Session.swift in Sources */ = {isa = PBXBuildFile; fileRef = 00CAD5FC1F7A6CC40090DD38 /* Session.swift */; };
		00CAD6001F7A6CDA0090DD38 /* StringExtensionPolyglot.swift in Sources */ = {isa = PBXBuildFile; fileRef = 00CAD5FD1F7A6CC40090DD38 /* StringExtensionPolyglot.swift */; };
		1FE3B86C180B8FB88CB9DA70 /* Pods_PolyglotTests.framework in Frameworks */ = {isa = PBXBuildFile; fileRef = E862700FF2DDDC6E779C805A /* Pods_PolyglotTests.framework */; };
		B60F875D1985F1C200ABB94A /* PolyglotTests.swift in Sources */ = {isa = PBXBuildFile; fileRef = B60F875C1985F1C200ABB94A /* PolyglotTests.swift */; };
		B6156E3F1999D93B002CE52F /* Main.storyboard in Resources */ = {isa = PBXBuildFile; fileRef = B67FC7841985F20B0030ABF8 /* Main.storyboard */; };
		B6682231199C68AE00DFA909 /* StringExtensionTests.swift in Sources */ = {isa = PBXBuildFile; fileRef = B6682230199C68AE00DFA909 /* StringExtensionTests.swift */; };
		B67FC7891985F20B0030ABF8 /* AppDelegate.swift in Sources */ = {isa = PBXBuildFile; fileRef = B67FC7831985F20B0030ABF8 /* AppDelegate.swift */; };
		B67FC78B1985F20B0030ABF8 /* Images.xcassets in Resources */ = {isa = PBXBuildFile; fileRef = B67FC7861985F20B0030ABF8 /* Images.xcassets */; };
		B67FC78D1985F20B0030ABF8 /* ViewController.swift in Sources */ = {isa = PBXBuildFile; fileRef = B67FC7881985F20B0030ABF8 /* ViewController.swift */; };
/* End PBXBuildFile section */

/* Begin PBXFileReference section */
		00CAD5F31F7A6BE90090DD38 /* Polyglot.framework */ = {isa = PBXFileReference; explicitFileType = wrapper.framework; path = Polyglot.framework; sourceTree = BUILT_PRODUCTS_DIR; };
		00CAD5F71F7A6C470090DD38 /* Nocilla.framework */ = {isa = PBXFileReference; explicitFileType = wrapper.framework; path = Nocilla.framework; sourceTree = BUILT_PRODUCTS_DIR; };
		00CAD5FB1F7A6CC40090DD38 /* Polyglot.swift */ = {isa = PBXFileReference; lastKnownFileType = sourcecode.swift; name = Polyglot.swift; path = Polyglot/Polyglot.swift; sourceTree = SOURCE_ROOT; };
		00CAD5FC1F7A6CC40090DD38 /* Session.swift */ = {isa = PBXFileReference; lastKnownFileType = sourcecode.swift; name = Session.swift; path = Polyglot/Session.swift; sourceTree = SOURCE_ROOT; };
		00CAD5FD1F7A6CC40090DD38 /* StringExtensionPolyglot.swift */ = {isa = PBXFileReference; lastKnownFileType = sourcecode.swift; name = StringExtensionPolyglot.swift; path = Polyglot/StringExtensionPolyglot.swift; sourceTree = SOURCE_ROOT; };
		12D767DA42F475C66CF8F400 /* Pods-PolyglotTests.release.xcconfig */ = {isa = PBXFileReference; includeInIndex = 1; lastKnownFileType = text.xcconfig; name = "Pods-PolyglotTests.release.xcconfig"; path = "Pods/Target Support Files/Pods-PolyglotTests/Pods-PolyglotTests.release.xcconfig"; sourceTree = "<group>"; };
		B0A0353E6F1D00A71C35119B /* Pods-PolyglotTests.debug.xcconfig */ = {isa = PBXFileReference; includeInIndex = 1; lastKnownFileType = text.xcconfig; name = "Pods-PolyglotTests.debug.xcconfig"; path = "Pods/Target Support Files/Pods-PolyglotTests/Pods-PolyglotTests.debug.xcconfig"; sourceTree = "<group>"; };
		B60F87441985F1C200ABB94A /* PolyglotSample.app */ = {isa = PBXFileReference; explicitFileType = wrapper.application; includeInIndex = 0; path = PolyglotSample.app; sourceTree = BUILT_PRODUCTS_DIR; };
		B60F87561985F1C200ABB94A /* PolyglotTests.xctest */ = {isa = PBXFileReference; explicitFileType = wrapper.cfbundle; includeInIndex = 0; path = PolyglotTests.xctest; sourceTree = BUILT_PRODUCTS_DIR; };
		B60F875B1985F1C200ABB94A /* Info.plist */ = {isa = PBXFileReference; lastKnownFileType = text.plist.xml; path = Info.plist; sourceTree = "<group>"; };
		B60F875C1985F1C200ABB94A /* PolyglotTests.swift */ = {isa = PBXFileReference; lastKnownFileType = sourcecode.swift; path = PolyglotTests.swift; sourceTree = "<group>"; };
		B6682230199C68AE00DFA909 /* StringExtensionTests.swift */ = {isa = PBXFileReference; fileEncoding = 4; lastKnownFileType = sourcecode.swift; path = StringExtensionTests.swift; sourceTree = "<group>"; };
		B66FEF8E19991A2500260677 /* PolyglotTests-Bridging-Header.h */ = {isa = PBXFileReference; lastKnownFileType = sourcecode.c.h; path = "PolyglotTests-Bridging-Header.h"; sourceTree = "<group>"; };
		B67FC7831985F20B0030ABF8 /* AppDelegate.swift */ = {isa = PBXFileReference; fileEncoding = 4; lastKnownFileType = sourcecode.swift; path = AppDelegate.swift; sourceTree = "<group>"; };
		B67FC7851985F20B0030ABF8 /* Base */ = {isa = PBXFileReference; lastKnownFileType = file.storyboard; name = Base; path = Base.lproj/Main.storyboard; sourceTree = "<group>"; };
		B67FC7861985F20B0030ABF8 /* Images.xcassets */ = {isa = PBXFileReference; lastKnownFileType = folder.assetcatalog; path = Images.xcassets; sourceTree = "<group>"; };
		B67FC7871985F20B0030ABF8 /* Info.plist */ = {isa = PBXFileReference; fileEncoding = 4; lastKnownFileType = text.plist.xml; path = Info.plist; sourceTree = "<group>"; };
		B67FC7881985F20B0030ABF8 /* ViewController.swift */ = {isa = PBXFileReference; fileEncoding = 4; lastKnownFileType = sourcecode.swift; path = ViewController.swift; sourceTree = "<group>"; };
		B67FC7951985F2F20030ABF8 /* Polyglot-Bridging-Header.h */ = {isa = PBXFileReference; lastKnownFileType = sourcecode.c.h; path = "Polyglot-Bridging-Header.h"; sourceTree = "<group>"; };
		DB9A4E55DA20E420F9D1A394 /* Pods.framework */ = {isa = PBXFileReference; explicitFileType = wrapper.framework; includeInIndex = 0; path = Pods.framework; sourceTree = BUILT_PRODUCTS_DIR; };
		E862700FF2DDDC6E779C805A /* Pods_PolyglotTests.framework */ = {isa = PBXFileReference; explicitFileType = wrapper.framework; includeInIndex = 0; path = Pods_PolyglotTests.framework; sourceTree = BUILT_PRODUCTS_DIR; };
/* End PBXFileReference section */

/* Begin PBXFrameworksBuildPhase section */
		B60F87411985F1C200ABB94A /* Frameworks */ = {
			isa = PBXFrameworksBuildPhase;
			buildActionMask = 2147483647;
			files = (
			);
			runOnlyForDeploymentPostprocessing = 0;
		};
		B60F87531985F1C200ABB94A /* Frameworks */ = {
			isa = PBXFrameworksBuildPhase;
			buildActionMask = 2147483647;
			files = (
				1FE3B86C180B8FB88CB9DA70 /* Pods_PolyglotTests.framework in Frameworks */,
			);
			runOnlyForDeploymentPostprocessing = 0;
		};
/* End PBXFrameworksBuildPhase section */

/* Begin PBXGroup section */
		00CAD5FA1F7A6CB40090DD38 /* Polyglot */ = {
			isa = PBXGroup;
			children = (
				00CAD5FB1F7A6CC40090DD38 /* Polyglot.swift */,
				00CAD5FC1F7A6CC40090DD38 /* Session.swift */,
				00CAD5FD1F7A6CC40090DD38 /* StringExtensionPolyglot.swift */,
			);
			name = Polyglot;
			path = "New Group";
			sourceTree = "<group>";
		};
		02E4E4E277C02F05F31865E5 /* Pods */ = {
			isa = PBXGroup;
			children = (
				B0A0353E6F1D00A71C35119B /* Pods-PolyglotTests.debug.xcconfig */,
				12D767DA42F475C66CF8F400 /* Pods-PolyglotTests.release.xcconfig */,
			);
			name = Pods;
			sourceTree = "<group>";
		};
		AD05005C88874F61B93358E3 /* Frameworks */ = {
			isa = PBXGroup;
			children = (
				DB9A4E55DA20E420F9D1A394 /* Pods.framework */,
				E862700FF2DDDC6E779C805A /* Pods_PolyglotTests.framework */,
			);
			name = Frameworks;
			sourceTree = "<group>";
		};
		B60F873B1985F1C200ABB94A = {
			isa = PBXGroup;
			children = (
				00CAD5FA1F7A6CB40090DD38 /* Polyglot */,
				00CAD5F71F7A6C470090DD38 /* Nocilla.framework */,
				00CAD5F31F7A6BE90090DD38 /* Polyglot.framework */,
				B67FC7821985F20B0030ABF8 /* PolyglotSample */,
				B60F87591985F1C200ABB94A /* PolyglotTests */,
				B60F87451985F1C200ABB94A /* Products */,
				AD05005C88874F61B93358E3 /* Frameworks */,
				02E4E4E277C02F05F31865E5 /* Pods */,
			);
			sourceTree = "<group>";
		};
		B60F87451985F1C200ABB94A /* Products */ = {
			isa = PBXGroup;
			children = (
				B60F87441985F1C200ABB94A /* PolyglotSample.app */,
				B60F87561985F1C200ABB94A /* PolyglotTests.xctest */,
			);
			name = Products;
			sourceTree = "<group>";
		};
		B60F87591985F1C200ABB94A /* PolyglotTests */ = {
			isa = PBXGroup;
			children = (
				B66FEF8E19991A2500260677 /* PolyglotTests-Bridging-Header.h */,
				B60F875C1985F1C200ABB94A /* PolyglotTests.swift */,
				B6682230199C68AE00DFA909 /* StringExtensionTests.swift */,
				B60F875A1985F1C200ABB94A /* Supporting Files */,
			);
			path = PolyglotTests;
			sourceTree = "<group>";
		};
		B60F875A1985F1C200ABB94A /* Supporting Files */ = {
			isa = PBXGroup;
			children = (
				B60F875B1985F1C200ABB94A /* Info.plist */,
			);
			name = "Supporting Files";
			sourceTree = "<group>";
		};
		B67FC7821985F20B0030ABF8 /* PolyglotSample */ = {
			isa = PBXGroup;
			children = (
				B67FC7951985F2F20030ABF8 /* Polyglot-Bridging-Header.h */,
				B67FC7831985F20B0030ABF8 /* AppDelegate.swift */,
				B67FC7881985F20B0030ABF8 /* ViewController.swift */,
				B67FC7841985F20B0030ABF8 /* Main.storyboard */,
				B67FC7861985F20B0030ABF8 /* Images.xcassets */,
				B67FC7871985F20B0030ABF8 /* Info.plist */,
			);
			path = PolyglotSample;
			sourceTree = "<group>";
		};
/* End PBXGroup section */

/* Begin PBXNativeTarget section */
		B60F87431985F1C200ABB94A /* PolyglotSample */ = {
			isa = PBXNativeTarget;
			buildConfigurationList = B60F87601985F1C200ABB94A /* Build configuration list for PBXNativeTarget "PolyglotSample" */;
			buildPhases = (
				B60F87401985F1C200ABB94A /* Sources */,
				B60F87411985F1C200ABB94A /* Frameworks */,
				B60F87421985F1C200ABB94A /* Resources */,
			);
			buildRules = (
			);
			dependencies = (
			);
			name = PolyglotSample;
			productName = Polyglot;
			productReference = B60F87441985F1C200ABB94A /* PolyglotSample.app */;
			productType = "com.apple.product-type.application";
		};
		B60F87551985F1C200ABB94A /* PolyglotTests */ = {
			isa = PBXNativeTarget;
			buildConfigurationList = B60F87631985F1C200ABB94A /* Build configuration list for PBXNativeTarget "PolyglotTests" */;
			buildPhases = (
				7F91ED9EDFC53CF81FF9D7BE /* [CP] Check Pods Manifest.lock */,
				B60F87521985F1C200ABB94A /* Sources */,
				B60F87531985F1C200ABB94A /* Frameworks */,
				B60F87541985F1C200ABB94A /* Resources */,
				EC7E49862C514AB5DB4B90DF /* [CP] Embed Pods Frameworks */,
				1B62D634051E7C5C83362E0B /* [CP] Copy Pods Resources */,
			);
			buildRules = (
			);
			dependencies = (
			);
			name = PolyglotTests;
			productName = PolyglotTests;
			productReference = B60F87561985F1C200ABB94A /* PolyglotTests.xctest */;
			productType = "com.apple.product-type.bundle.unit-test";
		};
/* End PBXNativeTarget section */

/* Begin PBXProject section */
		B60F873C1985F1C200ABB94A /* Project object */ = {
			isa = PBXProject;
			attributes = {
				LastSwiftMigration = 0710;
				LastSwiftUpdateCheck = 0710;
				LastUpgradeCheck = 0900;
				ORGANIZATIONNAME = "Ayaka Nonaka";
				TargetAttributes = {
					B60F87431985F1C200ABB94A = {
						CreatedOnToolsVersion = 6.0;
						DevelopmentTeam = DB7EUU9D79;
						LastSwiftMigration = 0900;
					};
					B60F87551985F1C200ABB94A = {
						CreatedOnToolsVersion = 6.0;
						LastSwiftMigration = 0900;
						TestTargetID = B60F87431985F1C200ABB94A;
					};
				};
			};
			buildConfigurationList = B60F873F1985F1C200ABB94A /* Build configuration list for PBXProject "PolyglotSample" */;
			compatibilityVersion = "Xcode 3.2";
			developmentRegion = English;
			hasScannedForEncodings = 0;
			knownRegions = (
				en,
				Base,
			);
			mainGroup = B60F873B1985F1C200ABB94A;
			productRefGroup = B60F87451985F1C200ABB94A /* Products */;
			projectDirPath = "";
			projectRoot = "";
			targets = (
				B60F87431985F1C200ABB94A /* PolyglotSample */,
				B60F87551985F1C200ABB94A /* PolyglotTests */,
			);
		};
/* End PBXProject section */

/* Begin PBXResourcesBuildPhase section */
		B60F87421985F1C200ABB94A /* Resources */ = {
			isa = PBXResourcesBuildPhase;
			buildActionMask = 2147483647;
			files = (
				B6156E3F1999D93B002CE52F /* Main.storyboard in Resources */,
				B67FC78B1985F20B0030ABF8 /* Images.xcassets in Resources */,
			);
			runOnlyForDeploymentPostprocessing = 0;
		};
		B60F87541985F1C200ABB94A /* Resources */ = {
			isa = PBXResourcesBuildPhase;
			buildActionMask = 2147483647;
			files = (
			);
			runOnlyForDeploymentPostprocessing = 0;
		};
/* End PBXResourcesBuildPhase section */

/* Begin PBXShellScriptBuildPhase section */
		1B62D634051E7C5C83362E0B /* [CP] Copy Pods Resources */ = {
			isa = PBXShellScriptBuildPhase;
			buildActionMask = 2147483647;
			files = (
			);
			inputPaths = (
			);
			name = "[CP] Copy Pods Resources";
			outputPaths = (
			);
			runOnlyForDeploymentPostprocessing = 0;
			shellPath = /bin/sh;
			shellScript = "\"${SRCROOT}/Pods/Target Support Files/Pods-PolyglotTests/Pods-PolyglotTests-resources.sh\"\n";
			showEnvVarsInLog = 0;
		};
		7F91ED9EDFC53CF81FF9D7BE /* [CP] Check Pods Manifest.lock */ = {
			isa = PBXShellScriptBuildPhase;
			buildActionMask = 2147483647;
			files = (
			);
			inputPaths = (
				"${PODS_PODFILE_DIR_PATH}/Podfile.lock",
				"${PODS_ROOT}/Manifest.lock",
			);
			name = "[CP] Check Pods Manifest.lock";
			outputPaths = (
				"$(DERIVED_FILE_DIR)/Pods-PolyglotTests-checkManifestLockResult.txt",
			);
			runOnlyForDeploymentPostprocessing = 0;
			shellPath = /bin/sh;
			shellScript = "diff \"${PODS_PODFILE_DIR_PATH}/Podfile.lock\" \"${PODS_ROOT}/Manifest.lock\" > /dev/null\nif [ $? != 0 ] ; then\n    # print error to STDERR\n    echo \"error: The sandbox is not in sync with the Podfile.lock. Run 'pod install' or update your CocoaPods installation.\" >&2\n    exit 1\nfi\n# This output is used by Xcode 'outputs' to avoid re-running this script phase.\necho \"SUCCESS\" > \"${SCRIPT_OUTPUT_FILE_0}\"\n";
			showEnvVarsInLog = 0;
		};
		EC7E49862C514AB5DB4B90DF /* [CP] Embed Pods Frameworks */ = {
			isa = PBXShellScriptBuildPhase;
			buildActionMask = 2147483647;
			files = (
			);
			inputPaths = (
				"${SRCROOT}/Pods/Target Support Files/Pods-PolyglotTests/Pods-PolyglotTests-frameworks.sh",
				"${BUILT_PRODUCTS_DIR}/Nocilla/Nocilla.framework",
				"${BUILT_PRODUCTS_DIR}/Polyglot/Polyglot.framework",
			);
			name = "[CP] Embed Pods Frameworks";
			outputPaths = (
				"${TARGET_BUILD_DIR}/${FRAMEWORKS_FOLDER_PATH}/Nocilla.framework",
				"${TARGET_BUILD_DIR}/${FRAMEWORKS_FOLDER_PATH}/Polyglot.framework",
			);
			runOnlyForDeploymentPostprocessing = 0;
			shellPath = /bin/sh;
			shellScript = "\"${SRCROOT}/Pods/Target Support Files/Pods-PolyglotTests/Pods-PolyglotTests-frameworks.sh\"\n";
			showEnvVarsInLog = 0;
		};
/* End PBXShellScriptBuildPhase section */

/* Begin PBXSourcesBuildPhase section */
		B60F87401985F1C200ABB94A /* Sources */ = {
			isa = PBXSourcesBuildPhase;
			buildActionMask = 2147483647;
			files = (
				00CAD5FF1F7A6CDA0090DD38 /* Session.swift in Sources */,
				00CAD5FE1F7A6CDA0090DD38 /* Polyglot.swift in Sources */,
				B67FC7891985F20B0030ABF8 /* AppDelegate.swift in Sources */,
				B67FC78D1985F20B0030ABF8 /* ViewController.swift in Sources */,
				00CAD6001F7A6CDA0090DD38 /* StringExtensionPolyglot.swift in Sources */,
			);
			runOnlyForDeploymentPostprocessing = 0;
		};
		B60F87521985F1C200ABB94A /* Sources */ = {
			isa = PBXSourcesBuildPhase;
			buildActionMask = 2147483647;
			files = (
				B6682231199C68AE00DFA909 /* StringExtensionTests.swift in Sources */,
				B60F875D1985F1C200ABB94A /* PolyglotTests.swift in Sources */,
			);
			runOnlyForDeploymentPostprocessing = 0;
		};
/* End PBXSourcesBuildPhase section */

/* Begin PBXVariantGroup section */
		B67FC7841985F20B0030ABF8 /* Main.storyboard */ = {
			isa = PBXVariantGroup;
			children = (
				B67FC7851985F20B0030ABF8 /* Base */,
			);
			name = Main.storyboard;
			sourceTree = "<group>";
		};
/* End PBXVariantGroup section */

/* Begin XCBuildConfiguration section */
		B60F875E1985F1C200ABB94A /* Debug */ = {
			isa = XCBuildConfiguration;
			buildSettings = {
				ALWAYS_SEARCH_USER_PATHS = NO;
				CLANG_CXX_LANGUAGE_STANDARD = "gnu++0x";
				CLANG_CXX_LIBRARY = "libc++";
				CLANG_ENABLE_MODULES = YES;
				CLANG_ENABLE_OBJC_ARC = YES;
				CLANG_WARN_BLOCK_CAPTURE_AUTORELEASING = YES;
				CLANG_WARN_BOOL_CONVERSION = YES;
				CLANG_WARN_COMMA = YES;
				CLANG_WARN_CONSTANT_CONVERSION = YES;
				CLANG_WARN_DIRECT_OBJC_ISA_USAGE = YES_ERROR;
				CLANG_WARN_EMPTY_BODY = YES;
				CLANG_WARN_ENUM_CONVERSION = YES;
				CLANG_WARN_INFINITE_RECURSION = YES;
				CLANG_WARN_INT_CONVERSION = YES;
				CLANG_WARN_NON_LITERAL_NULL_CONVERSION = YES;
				CLANG_WARN_OBJC_LITERAL_CONVERSION = YES;
				CLANG_WARN_OBJC_ROOT_CLASS = YES_ERROR;
				CLANG_WARN_RANGE_LOOP_ANALYSIS = YES;
				CLANG_WARN_STRICT_PROTOTYPES = YES;
				CLANG_WARN_SUSPICIOUS_MOVE = YES;
				CLANG_WARN_UNREACHABLE_CODE = YES;
				CLANG_WARN__DUPLICATE_METHOD_MATCH = YES;
				"CODE_SIGN_IDENTITY[sdk=iphoneos*]" = "iPhone Developer";
				COPY_PHASE_STRIP = NO;
				ENABLE_STRICT_OBJC_MSGSEND = YES;
				ENABLE_TESTABILITY = YES;
				GCC_C_LANGUAGE_STANDARD = gnu99;
				GCC_DYNAMIC_NO_PIC = NO;
				GCC_NO_COMMON_BLOCKS = YES;
				GCC_OPTIMIZATION_LEVEL = 0;
				GCC_PREPROCESSOR_DEFINITIONS = (
					"DEBUG=1",
					"$(inherited)",
				);
				GCC_SYMBOLS_PRIVATE_EXTERN = NO;
				GCC_WARN_64_TO_32_BIT_CONVERSION = YES;
				GCC_WARN_ABOUT_RETURN_TYPE = YES_ERROR;
				GCC_WARN_UNDECLARED_SELECTOR = YES;
				GCC_WARN_UNINITIALIZED_AUTOS = YES_AGGRESSIVE;
				GCC_WARN_UNUSED_FUNCTION = YES;
				GCC_WARN_UNUSED_VARIABLE = YES;
				IPHONEOS_DEPLOYMENT_TARGET = 8.0;
				MTL_ENABLE_DEBUG_INFO = YES;
				ONLY_ACTIVE_ARCH = YES;
				SDKROOT = iphoneos;
				SWIFT_OPTIMIZATION_LEVEL = "-Onone";
			};
			name = Debug;
		};
		B60F875F1985F1C200ABB94A /* Release */ = {
			isa = XCBuildConfiguration;
			buildSettings = {
				ALWAYS_SEARCH_USER_PATHS = NO;
				CLANG_CXX_LANGUAGE_STANDARD = "gnu++0x";
				CLANG_CXX_LIBRARY = "libc++";
				CLANG_ENABLE_MODULES = YES;
				CLANG_ENABLE_OBJC_ARC = YES;
				CLANG_WARN_BLOCK_CAPTURE_AUTORELEASING = YES;
				CLANG_WARN_BOOL_CONVERSION = YES;
				CLANG_WARN_COMMA = YES;
				CLANG_WARN_CONSTANT_CONVERSION = YES;
				CLANG_WARN_DIRECT_OBJC_ISA_USAGE = YES_ERROR;
				CLANG_WARN_EMPTY_BODY = YES;
				CLANG_WARN_ENUM_CONVERSION = YES;
				CLANG_WARN_INFINITE_RECURSION = YES;
				CLANG_WARN_INT_CONVERSION = YES;
				CLANG_WARN_NON_LITERAL_NULL_CONVERSION = YES;
				CLANG_WARN_OBJC_LITERAL_CONVERSION = YES;
				CLANG_WARN_OBJC_ROOT_CLASS = YES_ERROR;
				CLANG_WARN_RANGE_LOOP_ANALYSIS = YES;
				CLANG_WARN_STRICT_PROTOTYPES = YES;
				CLANG_WARN_SUSPICIOUS_MOVE = YES;
				CLANG_WARN_UNREACHABLE_CODE = YES;
				CLANG_WARN__DUPLICATE_METHOD_MATCH = YES;
				"CODE_SIGN_IDENTITY[sdk=iphoneos*]" = "iPhone Developer";
				COPY_PHASE_STRIP = YES;
				ENABLE_NS_ASSERTIONS = NO;
				ENABLE_STRICT_OBJC_MSGSEND = YES;
				GCC_C_LANGUAGE_STANDARD = gnu99;
				GCC_NO_COMMON_BLOCKS = YES;
				GCC_WARN_64_TO_32_BIT_CONVERSION = YES;
				GCC_WARN_ABOUT_RETURN_TYPE = YES_ERROR;
				GCC_WARN_UNDECLARED_SELECTOR = YES;
				GCC_WARN_UNINITIALIZED_AUTOS = YES_AGGRESSIVE;
				GCC_WARN_UNUSED_FUNCTION = YES;
				GCC_WARN_UNUSED_VARIABLE = YES;
				IPHONEOS_DEPLOYMENT_TARGET = 8.0;
				MTL_ENABLE_DEBUG_INFO = NO;
				SDKROOT = iphoneos;
				SWIFT_OPTIMIZATION_LEVEL = "-Owholemodule";
				VALIDATE_PRODUCT = YES;
			};
			name = Release;
		};
		B60F87611985F1C200ABB94A /* Debug */ = {
			isa = XCBuildConfiguration;
			buildSettings = {
				ASSETCATALOG_COMPILER_APPICON_NAME = AppIcon;
				ASSETCATALOG_COMPILER_LAUNCHIMAGE_NAME = LaunchImage;
				CLANG_ENABLE_MODULES = YES;
				DEVELOPMENT_TEAM = DB7EUU9D79;
				INFOPLIST_FILE = PolyglotSample/Info.plist;
				LD_RUNPATH_SEARCH_PATHS = "$(inherited) @executable_path/Frameworks";
				PRODUCT_BUNDLE_IDENTIFIER = "com.ayakanonaka.${PRODUCT_NAME:rfc1034identifier}";
				PRODUCT_NAME = PolyglotSample;
				SWIFT_OBJC_BRIDGING_HEADER = "PolyglotSample/Polyglot-Bridging-Header.h";
				SWIFT_OPTIMIZATION_LEVEL = "-Onone";
				SWIFT_SWIFT3_OBJC_INFERENCE = Off;
				SWIFT_VERSION = 4.0;
			};
			name = Debug;
		};
		B60F87621985F1C200ABB94A /* Release */ = {
			isa = XCBuildConfiguration;
			buildSettings = {
				ASSETCATALOG_COMPILER_APPICON_NAME = AppIcon;
				ASSETCATALOG_COMPILER_LAUNCHIMAGE_NAME = LaunchImage;
				CLANG_ENABLE_MODULES = YES;
				DEVELOPMENT_TEAM = DB7EUU9D79;
				INFOPLIST_FILE = PolyglotSample/Info.plist;
				LD_RUNPATH_SEARCH_PATHS = "$(inherited) @executable_path/Frameworks";
				PRODUCT_BUNDLE_IDENTIFIER = "com.ayakanonaka.${PRODUCT_NAME:rfc1034identifier}";
				PRODUCT_NAME = PolyglotSample;
				SWIFT_OBJC_BRIDGING_HEADER = "PolyglotSample/Polyglot-Bridging-Header.h";
				SWIFT_SWIFT3_OBJC_INFERENCE = Off;
				SWIFT_VERSION = 4.0;
			};
			name = Release;
		};
		B60F87641985F1C200ABB94A /* Debug */ = {
			isa = XCBuildConfiguration;
			baseConfigurationReference = B0A0353E6F1D00A71C35119B /* Pods-PolyglotTests.debug.xcconfig */;
			buildSettings = {
				BUNDLE_LOADER = "$(BUILT_PRODUCTS_DIR)/PolyglotSample.app/PolyglotSample";
				CLANG_ENABLE_MODULES = YES;
				FRAMEWORK_SEARCH_PATHS = (
					"$(SDKROOT)/Developer/Library/Frameworks",
					"$(inherited)",
				);
				GCC_PREPROCESSOR_DEFINITIONS = (
					"DEBUG=1",
					"$(inherited)",
				);
				INFOPLIST_FILE = PolyglotTests/Info.plist;
				LD_RUNPATH_SEARCH_PATHS = "$(inherited) @executable_path/Frameworks @loader_path/Frameworks";
				PRODUCT_BUNDLE_IDENTIFIER = "com.ayakanonaka.${PRODUCT_NAME:rfc1034identifier}";
				PRODUCT_NAME = "$(TARGET_NAME)";
				SWIFT_OBJC_BRIDGING_HEADER = "PolyglotTests/PolyglotTests-Bridging-Header.h";
				SWIFT_OPTIMIZATION_LEVEL = "-Onone";
				SWIFT_SWIFT3_OBJC_INFERENCE = On;
				SWIFT_VERSION = 4.0;
				TEST_HOST = "$(BUNDLE_LOADER)";
			};
			name = Debug;
		};
		B60F87651985F1C200ABB94A /* Release */ = {
			isa = XCBuildConfiguration;
			baseConfigurationReference = 12D767DA42F475C66CF8F400 /* Pods-PolyglotTests.release.xcconfig */;
			buildSettings = {
				BUNDLE_LOADER = "$(BUILT_PRODUCTS_DIR)/PolyglotSample.app/PolyglotSample";
				CLANG_ENABLE_MODULES = YES;
				FRAMEWORK_SEARCH_PATHS = (
					"$(SDKROOT)/Developer/Library/Frameworks",
					"$(inherited)",
				);
				INFOPLIST_FILE = PolyglotTests/Info.plist;
				LD_RUNPATH_SEARCH_PATHS = "$(inherited) @executable_path/Frameworks @loader_path/Frameworks";
				PRODUCT_BUNDLE_IDENTIFIER = "com.ayakanonaka.${PRODUCT_NAME:rfc1034identifier}";
				PRODUCT_NAME = "$(TARGET_NAME)";
				SWIFT_OBJC_BRIDGING_HEADER = "PolyglotTests/PolyglotTests-Bridging-Header.h";
				SWIFT_SWIFT3_OBJC_INFERENCE = On;
				SWIFT_VERSION = 4.0;
				TEST_HOST = "$(BUNDLE_LOADER)";
			};
			name = Release;
		};
/* End XCBuildConfiguration section */

/* Begin XCConfigurationList section */
		B60F873F1985F1C200ABB94A /* Build configuration list for PBXProject "PolyglotSample" */ = {
			isa = XCConfigurationList;
			buildConfigurations = (
				B60F875E1985F1C200ABB94A /* Debug */,
				B60F875F1985F1C200ABB94A /* Release */,
			);
			defaultConfigurationIsVisible = 0;
			defaultConfigurationName = Release;
		};
		B60F87601985F1C200ABB94A /* Build configuration list for PBXNativeTarget "PolyglotSample" */ = {
			isa = XCConfigurationList;
			buildConfigurations = (
				B60F87611985F1C200ABB94A /* Debug */,
				B60F87621985F1C200ABB94A /* Release */,
			);
			defaultConfigurationIsVisible = 0;
			defaultConfigurationName = Release;
		};
		B60F87631985F1C200ABB94A /* Build configuration list for PBXNativeTarget "PolyglotTests" */ = {
			isa = XCConfigurationList;
			buildConfigurations = (
				B60F87641985F1C200ABB94A /* Debug */,
				B60F87651985F1C200ABB94A /* Release */,
			);
			defaultConfigurationIsVisible = 0;
			defaultConfigurationName = Release;
		};
/* End XCConfigurationList section */
	};
	rootObject = B60F873C1985F1C200ABB94A /* Project object */;
}
