// !$*UTF8*$!
{
	archiveVersion = 1;
	classes = {
	};
	objectVersion = 46;
	objects = {

/* Begin PBXBuildFile section */
		00135F852056CDA700696558 /* PrintLevel.swift in Sources */ = {isa = PBXBuildFile; fileRef = 00135F842056CDA700696558 /* PrintLevel.swift */; };
		00135F862056CDA700696558 /* PrintLevel.swift in Sources */ = {isa = PBXBuildFile; fileRef = 00135F842056CDA700696558 /* PrintLevel.swift */; };
		820111082109B2F600E913F5 /* Session.swift in Sources */ = {isa = PBXBuildFile; fileRef = 825CD9DC2108961B00CC3AD1 /* Session.swift */; };
		820111092109B2F600E913F5 /* StringExtensionPolyglot.swift in Sources */ = {isa = PBXBuildFile; fileRef = 825CD9DD2108961B00CC3AD1 /* StringExtensionPolyglot.swift */; };
		8201110A2109B2F600E913F5 /* Polyglot.swift in Sources */ = {isa = PBXBuildFile; fileRef = 825CD9DE2108961B00CC3AD1 /* Polyglot.swift */; };
		82125E931D0312CF00B9C66B /* Commander.swift in Sources */ = {isa = PBXBuildFile; fileRef = 82125E921D0312CF00B9C66B /* Commander.swift */; };
		821DED3A1C70CFBB00B8353B /* StringsFilesSearch.swift in Sources */ = {isa = PBXBuildFile; fileRef = 821DED391C70CFBB00B8353B /* StringsFilesSearch.swift */; };
		821DED3C1C70D04B00B8353B /* StringsFilesSearchTests.swift in Sources */ = {isa = PBXBuildFile; fileRef = 821DED3B1C70D04B00B8353B /* StringsFilesSearchTests.swift */; };
		82463DFA1CD910FD00D28A2C /* GenStringsCommander.swift in Sources */ = {isa = PBXBuildFile; fileRef = 82463DF91CD910FD00D28A2C /* GenStringsCommander.swift */; };
		82463E0B1CD9197600D28A2C /* GenStringsCommanderTests.swift in Sources */ = {isa = PBXBuildFile; fileRef = 82463E0A1CD9197600D28A2C /* GenStringsCommanderTests.swift */; };
		824DAA5D1CDB60E00077F93A /* CommandLineActor.swift in Sources */ = {isa = PBXBuildFile; fileRef = 824DAA5C1CDB60E00077F93A /* CommandLineActor.swift */; };
		824DAA5E1CDB60E00077F93A /* CommandLineActor.swift in Sources */ = {isa = PBXBuildFile; fileRef = 824DAA5C1CDB60E00077F93A /* CommandLineActor.swift */; };
		824DAA5F1CDB60E90077F93A /* GenStringsCommander.swift in Sources */ = {isa = PBXBuildFile; fileRef = 82463DF91CD910FD00D28A2C /* GenStringsCommander.swift */; };
		824DAA611CDB61140077F93A /* CommandLineActorTests.swift in Sources */ = {isa = PBXBuildFile; fileRef = 824DAA601CDB61140077F93A /* CommandLineActorTests.swift */; };
		824DAA631CDB6F520077F93A /* SubCommander.swift in Sources */ = {isa = PBXBuildFile; fileRef = 824DAA621CDB6F520077F93A /* SubCommander.swift */; };
		824DAA641CDB6F520077F93A /* SubCommander.swift in Sources */ = {isa = PBXBuildFile; fileRef = 824DAA621CDB6F520077F93A /* SubCommander.swift */; };
		824DAA6A1CDB80E10077F93A /* CommandLineParser.swift in Sources */ = {isa = PBXBuildFile; fileRef = 824DAA691CDB80E10077F93A /* CommandLineParser.swift */; };
		824DAA6B1CDB80E10077F93A /* CommandLineParser.swift in Sources */ = {isa = PBXBuildFile; fileRef = 824DAA691CDB80E10077F93A /* CommandLineParser.swift */; };
		824DAA6D1CDBA55F0077F93A /* CommandLineParserTests.swift in Sources */ = {isa = PBXBuildFile; fileRef = 824DAA6C1CDBA55F0077F93A /* CommandLineParserTests.swift */; };
		825AEBBF21907CF600A98A4B /* FrequencyTable.swift in Sources */ = {isa = PBXBuildFile; fileRef = 825AEBB121907CF500A98A4B /* FrequencyTable.swift */; };
		825AEBC021907CF600A98A4B /* FrequencyTable.swift in Sources */ = {isa = PBXBuildFile; fileRef = 825AEBB121907CF500A98A4B /* FrequencyTable.swift */; };
		825AEBC121907CF600A98A4B /* Regex.swift in Sources */ = {isa = PBXBuildFile; fileRef = 825AEBB221907CF500A98A4B /* Regex.swift */; };
		825AEBC221907CF600A98A4B /* Regex.swift in Sources */ = {isa = PBXBuildFile; fileRef = 825AEBB221907CF500A98A4B /* Regex.swift */; };
		825AEBC321907CF600A98A4B /* Unowned.swift in Sources */ = {isa = PBXBuildFile; fileRef = 825AEBB321907CF500A98A4B /* Unowned.swift */; };
		825AEBC421907CF600A98A4B /* Unowned.swift in Sources */ = {isa = PBXBuildFile; fileRef = 825AEBB321907CF500A98A4B /* Unowned.swift */; };
		825AEBC521907CF600A98A4B /* SortedArray.swift in Sources */ = {isa = PBXBuildFile; fileRef = 825AEBB421907CF500A98A4B /* SortedArray.swift */; };
		825AEBC621907CF600A98A4B /* SortedArray.swift in Sources */ = {isa = PBXBuildFile; fileRef = 825AEBB421907CF500A98A4B /* SortedArray.swift */; };
		825AEBC721907CF600A98A4B /* Weak.swift in Sources */ = {isa = PBXBuildFile; fileRef = 825AEBB521907CF500A98A4B /* Weak.swift */; };
		825AEBC821907CF600A98A4B /* Weak.swift in Sources */ = {isa = PBXBuildFile; fileRef = 825AEBB521907CF500A98A4B /* Weak.swift */; };
		825AEBC921907CF600A98A4B /* Globals.swift in Sources */ = {isa = PBXBuildFile; fileRef = 825AEBB621907CF500A98A4B /* Globals.swift */; };
		825AEBCA21907CF600A98A4B /* Globals.swift in Sources */ = {isa = PBXBuildFile; fileRef = 825AEBB621907CF500A98A4B /* Globals.swift */; };
		825AEBCB21907CF600A98A4B /* CollectionExtension.swift in Sources */ = {isa = PBXBuildFile; fileRef = 825AEBB821907CF600A98A4B /* CollectionExtension.swift */; };
		825AEBCC21907CF600A98A4B /* CollectionExtension.swift in Sources */ = {isa = PBXBuildFile; fileRef = 825AEBB821907CF600A98A4B /* CollectionExtension.swift */; };
		825AEBCD21907CF600A98A4B /* ArrayExtension.swift in Sources */ = {isa = PBXBuildFile; fileRef = 825AEBB921907CF600A98A4B /* ArrayExtension.swift */; };
		825AEBCE21907CF600A98A4B /* ArrayExtension.swift in Sources */ = {isa = PBXBuildFile; fileRef = 825AEBB921907CF600A98A4B /* ArrayExtension.swift */; };
		825AEBCF21907CF600A98A4B /* IntExtension.swift in Sources */ = {isa = PBXBuildFile; fileRef = 825AEBBA21907CF600A98A4B /* IntExtension.swift */; };
		825AEBD021907CF600A98A4B /* IntExtension.swift in Sources */ = {isa = PBXBuildFile; fileRef = 825AEBBA21907CF600A98A4B /* IntExtension.swift */; };
		825AEBD121907CF600A98A4B /* TimeIntervalExtension.swift in Sources */ = {isa = PBXBuildFile; fileRef = 825AEBBB21907CF600A98A4B /* TimeIntervalExtension.swift */; };
		825AEBD221907CF600A98A4B /* TimeIntervalExtension.swift in Sources */ = {isa = PBXBuildFile; fileRef = 825AEBBB21907CF600A98A4B /* TimeIntervalExtension.swift */; };
		825AEBD321907CF600A98A4B /* StringExtension.swift in Sources */ = {isa = PBXBuildFile; fileRef = 825AEBBC21907CF600A98A4B /* StringExtension.swift */; };
		825AEBD421907CF600A98A4B /* StringExtension.swift in Sources */ = {isa = PBXBuildFile; fileRef = 825AEBBC21907CF600A98A4B /* StringExtension.swift */; };
		825AEBD521907CF600A98A4B /* DictionaryExtension.swift in Sources */ = {isa = PBXBuildFile; fileRef = 825AEBBD21907CF600A98A4B /* DictionaryExtension.swift */; };
		825AEBD621907CF600A98A4B /* DictionaryExtension.swift in Sources */ = {isa = PBXBuildFile; fileRef = 825AEBBD21907CF600A98A4B /* DictionaryExtension.swift */; };
		825AEBD721907CF600A98A4B /* DispatchTimeIntervalExtension.swift in Sources */ = {isa = PBXBuildFile; fileRef = 825AEBBE21907CF600A98A4B /* DispatchTimeIntervalExtension.swift */; };
		825AEBD821907CF600A98A4B /* DispatchTimeIntervalExtension.swift in Sources */ = {isa = PBXBuildFile; fileRef = 825AEBBE21907CF600A98A4B /* DispatchTimeIntervalExtension.swift */; };
		825AEBE421907D2900A98A4B /* StringGenerator.swift in Sources */ = {isa = PBXBuildFile; fileRef = 825AEBD921907D2900A98A4B /* StringGenerator.swift */; };
		825AEBE521907D2900A98A4B /* StringGenerator.swift in Sources */ = {isa = PBXBuildFile; fileRef = 825AEBD921907D2900A98A4B /* StringGenerator.swift */; };
		825AEBE621907D2900A98A4B /* OutputTarget.swift in Sources */ = {isa = PBXBuildFile; fileRef = 825AEBDA21907D2900A98A4B /* OutputTarget.swift */; };
		825AEBE721907D2900A98A4B /* OutputTarget.swift in Sources */ = {isa = PBXBuildFile; fileRef = 825AEBDA21907D2900A98A4B /* OutputTarget.swift */; };
		825AEBE821907D2900A98A4B /* Style.swift in Sources */ = {isa = PBXBuildFile; fileRef = 825AEBDB21907D2900A98A4B /* Style.swift */; };
		825AEBE921907D2900A98A4B /* Style.swift in Sources */ = {isa = PBXBuildFile; fileRef = 825AEBDB21907D2900A98A4B /* Style.swift */; };
		825AEBEA21907D2900A98A4B /* String+Rainbow.swift in Sources */ = {isa = PBXBuildFile; fileRef = 825AEBDC21907D2900A98A4B /* String+Rainbow.swift */; };
		825AEBEB21907D2900A98A4B /* String+Rainbow.swift in Sources */ = {isa = PBXBuildFile; fileRef = 825AEBDC21907D2900A98A4B /* String+Rainbow.swift */; };
		825AEBEC21907D2900A98A4B /* CodesParser.swift in Sources */ = {isa = PBXBuildFile; fileRef = 825AEBDD21907D2900A98A4B /* CodesParser.swift */; };
		825AEBED21907D2900A98A4B /* CodesParser.swift in Sources */ = {isa = PBXBuildFile; fileRef = 825AEBDD21907D2900A98A4B /* CodesParser.swift */; };
		825AEBEE21907D2900A98A4B /* BackgroundColor.swift in Sources */ = {isa = PBXBuildFile; fileRef = 825AEBDE21907D2900A98A4B /* BackgroundColor.swift */; };
		825AEBEF21907D2900A98A4B /* BackgroundColor.swift in Sources */ = {isa = PBXBuildFile; fileRef = 825AEBDE21907D2900A98A4B /* BackgroundColor.swift */; };
		825AEBF021907D2900A98A4B /* Rainbow.swift in Sources */ = {isa = PBXBuildFile; fileRef = 825AEBDF21907D2900A98A4B /* Rainbow.swift */; };
		825AEBF121907D2900A98A4B /* Rainbow.swift in Sources */ = {isa = PBXBuildFile; fileRef = 825AEBDF21907D2900A98A4B /* Rainbow.swift */; };
		825AEBF221907D2900A98A4B /* ControlCode.swift in Sources */ = {isa = PBXBuildFile; fileRef = 825AEBE021907D2900A98A4B /* ControlCode.swift */; };
		825AEBF321907D2900A98A4B /* ControlCode.swift in Sources */ = {isa = PBXBuildFile; fileRef = 825AEBE021907D2900A98A4B /* ControlCode.swift */; };
		825AEBF421907D2900A98A4B /* XcodeColorsSupport.swift in Sources */ = {isa = PBXBuildFile; fileRef = 825AEBE121907D2900A98A4B /* XcodeColorsSupport.swift */; };
		825AEBF521907D2900A98A4B /* XcodeColorsSupport.swift in Sources */ = {isa = PBXBuildFile; fileRef = 825AEBE121907D2900A98A4B /* XcodeColorsSupport.swift */; };
		825AEBF621907D2900A98A4B /* ModesExtractor.swift in Sources */ = {isa = PBXBuildFile; fileRef = 825AEBE221907D2900A98A4B /* ModesExtractor.swift */; };
		825AEBF721907D2900A98A4B /* ModesExtractor.swift in Sources */ = {isa = PBXBuildFile; fileRef = 825AEBE221907D2900A98A4B /* ModesExtractor.swift */; };
		825AEBF821907D2900A98A4B /* Color.swift in Sources */ = {isa = PBXBuildFile; fileRef = 825AEBE321907D2900A98A4B /* Color.swift */; };
		825AEBF921907D2900A98A4B /* Color.swift in Sources */ = {isa = PBXBuildFile; fileRef = 825AEBE321907D2900A98A4B /* Color.swift */; };
		825CDA432108961C00CC3AD1 /* CommandLineKit.swift in Sources */ = {isa = PBXBuildFile; fileRef = 825CD98F2108961B00CC3AD1 /* CommandLineKit.swift */; };
		825CDA442108961C00CC3AD1 /* CommandLineKit.swift in Sources */ = {isa = PBXBuildFile; fileRef = 825CD98F2108961B00CC3AD1 /* CommandLineKit.swift */; };
		825CDA452108961C00CC3AD1 /* Option.swift in Sources */ = {isa = PBXBuildFile; fileRef = 825CD9902108961B00CC3AD1 /* Option.swift */; };
		825CDA462108961C00CC3AD1 /* Option.swift in Sources */ = {isa = PBXBuildFile; fileRef = 825CD9902108961B00CC3AD1 /* Option.swift */; };
		825CDA472108961C00CC3AD1 /* StringExtensions.swift in Sources */ = {isa = PBXBuildFile; fileRef = 825CD9912108961B00CC3AD1 /* StringExtensions.swift */; };
		825CDA482108961C00CC3AD1 /* StringExtensions.swift in Sources */ = {isa = PBXBuildFile; fileRef = 825CD9912108961B00CC3AD1 /* StringExtensions.swift */; };
		825CDA812108961C00CC3AD1 /* Session.swift in Sources */ = {isa = PBXBuildFile; fileRef = 825CD9DC2108961B00CC3AD1 /* Session.swift */; };
		825CDA832108961C00CC3AD1 /* StringExtensionPolyglot.swift in Sources */ = {isa = PBXBuildFile; fileRef = 825CD9DD2108961B00CC3AD1 /* StringExtensionPolyglot.swift */; };
		825CDA852108961C00CC3AD1 /* Polyglot.swift in Sources */ = {isa = PBXBuildFile; fileRef = 825CD9DE2108961B00CC3AD1 /* Polyglot.swift */; };
		8278A9001CA129C30041B196 /* Constants.m in Sources */ = {isa = PBXBuildFile; fileRef = 8278A8FF1CA129960041B196 /* Constants.m */; };
		828ED5351C710C2B00E0E947 /* StringsFileUpdater.swift in Sources */ = {isa = PBXBuildFile; fileRef = 82CDE2DF1C6BF35500055FE6 /* StringsFileUpdater.swift */; };
		828ED5361C710C2F00E0E947 /* IBToolCommander.swift in Sources */ = {isa = PBXBuildFile; fileRef = 82CDE2EA1C6BF9D900055FE6 /* IBToolCommander.swift */; };
		828ED5371C710C3100E0E947 /* StringsFilesSearch.swift in Sources */ = {isa = PBXBuildFile; fileRef = 821DED391C70CFBB00B8353B /* StringsFilesSearch.swift */; };
		82CDE2761C6ABE5D00055FE6 /* main.swift in Sources */ = {isa = PBXBuildFile; fileRef = 82CDE2751C6ABE5D00055FE6 /* main.swift */; };
		82CDE2981C6ABFB800055FE6 /* BartyCrouch.h in Headers */ = {isa = PBXBuildFile; fileRef = 82CDE2641C6ABBF500055FE6 /* BartyCrouch.h */; settings = {ATTRIBUTES = (Public, ); }; };
		82CDE2E01C6BF35500055FE6 /* StringsFileUpdater.swift in Sources */ = {isa = PBXBuildFile; fileRef = 82CDE2DF1C6BF35500055FE6 /* StringsFileUpdater.swift */; };
		82CDE2EB1C6BF9D900055FE6 /* IBToolCommander.swift in Sources */ = {isa = PBXBuildFile; fileRef = 82CDE2EA1C6BF9D900055FE6 /* IBToolCommander.swift */; };
		82CDE2ED1C6BFE8F00055FE6 /* IBToolCommanderTests.swift in Sources */ = {isa = PBXBuildFile; fileRef = 82CDE2EC1C6BFE8F00055FE6 /* IBToolCommanderTests.swift */; };
		82CDE2EF1C6BFE9D00055FE6 /* StringsFileUpdaterTests.swift in Sources */ = {isa = PBXBuildFile; fileRef = 82CDE2EE1C6BFE9D00055FE6 /* StringsFileUpdaterTests.swift */; };
		9CAC272E20E5119500B7E112 /* FindFilesTests.swift in Sources */ = {isa = PBXBuildFile; fileRef = 9CAC272D20E5119500B7E112 /* FindFilesTests.swift */; };
		A140FE0F1D4BD6FB001E0C4B /* Commander.swift in Sources */ = {isa = PBXBuildFile; fileRef = 82125E921D0312CF00B9C66B /* Commander.swift */; };
		E4EDD5ED1E314F080010D878 /* BartyCrouchKit.framework in Frameworks */ = {isa = PBXBuildFile; fileRef = 82CDE27F1C6ABF3A00055FE6 /* BartyCrouchKit.framework */; };
		E78B1E141DFAB33200C7C290 /* ExtractLocStringsCommander.swift in Sources */ = {isa = PBXBuildFile; fileRef = E78B1E131DFAB33200C7C290 /* ExtractLocStringsCommander.swift */; };
		E78B1E151DFAB33900C7C290 /* ExtractLocStringsCommander.swift in Sources */ = {isa = PBXBuildFile; fileRef = E78B1E131DFAB33200C7C290 /* ExtractLocStringsCommander.swift */; };
		E78B1E171DFABA5500C7C290 /* CodeCommander.swift in Sources */ = {isa = PBXBuildFile; fileRef = E78B1E161DFABA5500C7C290 /* CodeCommander.swift */; };
		E78B1E181DFABB1900C7C290 /* CodeCommander.swift in Sources */ = {isa = PBXBuildFile; fileRef = E78B1E161DFABA5500C7C290 /* CodeCommander.swift */; };
		E7974AF31DFAE9DF00E31754 /* ExtractLocStringsCommanderTests.swift in Sources */ = {isa = PBXBuildFile; fileRef = E7974AF11DFAE9AA00E31754 /* ExtractLocStringsCommanderTests.swift */; };
/* End PBXBuildFile section */

/* Begin PBXContainerItemProxy section */
		82CDE28A1C6ABF3A00055FE6 /* PBXContainerItemProxy */ = {
			isa = PBXContainerItemProxy;
			containerPortal = 82CDE23D1C6ABB3300055FE6 /* Project object */;
			proxyType = 1;
			remoteGlobalIDString = 82CDE27E1C6ABF3A00055FE6;
			remoteInfo = BartyCrouch;
		};
/* End PBXContainerItemProxy section */

/* Begin PBXCopyFilesBuildPhase section */
		82CDE2711C6ABE5C00055FE6 /* CopyFiles */ = {
			isa = PBXCopyFilesBuildPhase;
			buildActionMask = 2147483647;
			dstPath = /usr/share/man/man1/;
			dstSubfolderSpec = 0;
			files = (
			);
			runOnlyForDeploymentPostprocessing = 1;
		};
/* End PBXCopyFilesBuildPhase section */

/* Begin PBXFileReference section */
		000731D02028A52200C29CAB /* Package.swift */ = {isa = PBXFileReference; lastKnownFileType = sourcecode.swift; path = Package.swift; sourceTree = "<group>"; };
		000731D12028A53B00C29CAB /* Makefile */ = {isa = PBXFileReference; lastKnownFileType = sourcecode.make; path = Makefile; sourceTree = "<group>"; };
		00135F842056CDA700696558 /* PrintLevel.swift */ = {isa = PBXFileReference; lastKnownFileType = sourcecode.swift; path = PrintLevel.swift; sourceTree = "<group>"; };
		820649CD1C7CA636009E501E /* Cartfile */ = {isa = PBXFileReference; lastKnownFileType = text; path = Cartfile; sourceTree = "<group>"; };
		82125E921D0312CF00B9C66B /* Commander.swift */ = {isa = PBXFileReference; fileEncoding = 4; lastKnownFileType = sourcecode.swift; path = Commander.swift; sourceTree = "<group>"; };
		821DED391C70CFBB00B8353B /* StringsFilesSearch.swift */ = {isa = PBXFileReference; fileEncoding = 4; lastKnownFileType = sourcecode.swift; path = StringsFilesSearch.swift; sourceTree = "<group>"; };
		821DED3B1C70D04B00B8353B /* StringsFilesSearchTests.swift */ = {isa = PBXFileReference; fileEncoding = 4; lastKnownFileType = sourcecode.swift; path = StringsFilesSearchTests.swift; sourceTree = "<group>"; };
		82463DF91CD910FD00D28A2C /* GenStringsCommander.swift */ = {isa = PBXFileReference; fileEncoding = 4; lastKnownFileType = sourcecode.swift; path = GenStringsCommander.swift; sourceTree = "<group>"; };
		82463E0A1CD9197600D28A2C /* GenStringsCommanderTests.swift */ = {isa = PBXFileReference; fileEncoding = 4; lastKnownFileType = sourcecode.swift; path = GenStringsCommanderTests.swift; sourceTree = "<group>"; };
		824DAA5C1CDB60E00077F93A /* CommandLineActor.swift */ = {isa = PBXFileReference; fileEncoding = 4; lastKnownFileType = sourcecode.swift; path = CommandLineActor.swift; sourceTree = "<group>"; };
		824DAA601CDB61140077F93A /* CommandLineActorTests.swift */ = {isa = PBXFileReference; fileEncoding = 4; lastKnownFileType = sourcecode.swift; path = CommandLineActorTests.swift; sourceTree = "<group>"; };
		824DAA621CDB6F520077F93A /* SubCommander.swift */ = {isa = PBXFileReference; fileEncoding = 4; lastKnownFileType = sourcecode.swift; path = SubCommander.swift; sourceTree = "<group>"; };
		824DAA691CDB80E10077F93A /* CommandLineParser.swift */ = {isa = PBXFileReference; fileEncoding = 4; lastKnownFileType = sourcecode.swift; path = CommandLineParser.swift; sourceTree = "<group>"; };
		824DAA6C1CDBA55F0077F93A /* CommandLineParserTests.swift */ = {isa = PBXFileReference; fileEncoding = 4; lastKnownFileType = sourcecode.swift; path = CommandLineParserTests.swift; sourceTree = "<group>"; };
		825AEB4021904A7B00A98A4B /* SwiftExample2.swift */ = {isa = PBXFileReference; lastKnownFileType = sourcecode.swift; path = SwiftExample2.swift; sourceTree = "<group>"; };
		825AEB4121904A7B00A98A4B /* SwiftExample1.swift */ = {isa = PBXFileReference; lastKnownFileType = sourcecode.swift; path = SwiftExample1.swift; sourceTree = "<group>"; };
		825AEB4321904A7B00A98A4B /* SwiftExample3.swift */ = {isa = PBXFileReference; lastKnownFileType = sourcecode.swift; path = SwiftExample3.swift; sourceTree = "<group>"; };
		825AEB4721904A7B00A98A4B /* de */ = {isa = PBXFileReference; lastKnownFileType = text.plist.strings; name = de; path = de.lproj/Example.strings; sourceTree = "<group>"; };
		825AEB4821904A7B00A98A4B /* zh-Hans */ = {isa = PBXFileReference; lastKnownFileType = text.plist.strings; name = "zh-Hans"; path = "zh-Hans.lproj/Example.strings"; sourceTree = "<group>"; };
		825AEB4921904A7B00A98A4B /* ja */ = {isa = PBXFileReference; lastKnownFileType = text.plist.strings; name = ja; path = ja.lproj/Example.strings; sourceTree = "<group>"; };
		825AEB4A21904A7B00A98A4B /* en */ = {isa = PBXFileReference; lastKnownFileType = text.plist.strings; name = en; path = en.lproj/Example.strings; sourceTree = "<group>"; };
		825AEB4C21904A7B00A98A4B /* Base */ = {isa = PBXFileReference; lastKnownFileType = text.plist.strings; name = Base; path = Base.lproj/Example.storyboard.strings; sourceTree = "<group>"; };
		825AEB4E21904A7B00A98A4B /* Base */ = {isa = PBXFileReference; lastKnownFileType = file.storyboard; name = Base; path = Base.lproj/Example.storyboard; sourceTree = "<group>"; };
		825AEB5121904A7B00A98A4B /* de */ = {isa = PBXFileReference; lastKnownFileType = text.plist.strings; name = de; path = de.lproj/Example.strings; sourceTree = "<group>"; };
		825AEB5221904A7B00A98A4B /* zh-Hans */ = {isa = PBXFileReference; lastKnownFileType = text.plist.strings; name = "zh-Hans"; path = "zh-Hans.lproj/Example.strings"; sourceTree = "<group>"; };
		825AEB5321904A7B00A98A4B /* ja */ = {isa = PBXFileReference; lastKnownFileType = text.plist.strings; name = ja; path = ja.lproj/Example.strings; sourceTree = "<group>"; };
		825AEB5421904A7B00A98A4B /* en */ = {isa = PBXFileReference; lastKnownFileType = text.plist.strings; name = en; path = en.lproj/Example.strings; sourceTree = "<group>"; };
		825AEB5621904A7B00A98A4B /* Base */ = {isa = PBXFileReference; lastKnownFileType = text.plist.strings; name = Base; path = Base.lproj/Example.storyboard.strings; sourceTree = "<group>"; };
		825AEB5821904A7B00A98A4B /* Base */ = {isa = PBXFileReference; lastKnownFileType = file.storyboard; name = Base; path = Base.lproj/Example.storyboard; sourceTree = "<group>"; };
		825AEB5B21904A7B00A98A4B /* de */ = {isa = PBXFileReference; lastKnownFileType = text.plist.strings; name = de; path = de.lproj/Example.strings; sourceTree = "<group>"; };
		825AEB5C21904A7B00A98A4B /* zh-Hans */ = {isa = PBXFileReference; lastKnownFileType = text.plist.strings; name = "zh-Hans"; path = "zh-Hans.lproj/Example.strings"; sourceTree = "<group>"; };
		825AEB5D21904A7B00A98A4B /* ja */ = {isa = PBXFileReference; lastKnownFileType = text.plist.strings; name = ja; path = ja.lproj/Example.strings; sourceTree = "<group>"; };
		825AEB5E21904A7B00A98A4B /* en */ = {isa = PBXFileReference; lastKnownFileType = text.plist.strings; name = en; path = en.lproj/Example.strings; sourceTree = "<group>"; };
		825AEB6021904A7B00A98A4B /* Base */ = {isa = PBXFileReference; lastKnownFileType = text.plist.strings; name = Base; path = Base.lproj/Example.storyboard.strings; sourceTree = "<group>"; };
		825AEB6221904A7B00A98A4B /* Base */ = {isa = PBXFileReference; lastKnownFileType = file.storyboard; name = Base; path = Base.lproj/Example.storyboard; sourceTree = "<group>"; };
		825AEB6521904A7B00A98A4B /* SwiftExample4Arguments.swift */ = {isa = PBXFileReference; lastKnownFileType = sourcecode.swift; path = SwiftExample4Arguments.swift; sourceTree = "<group>"; };
		825AEB6721904A7B00A98A4B /* SwiftExample2Arguments.swift */ = {isa = PBXFileReference; lastKnownFileType = sourcecode.swift; path = SwiftExample2Arguments.swift; sourceTree = "<group>"; };
		825AEB6921904A7B00A98A4B /* SwiftExample3Arguments.swift */ = {isa = PBXFileReference; lastKnownFileType = sourcecode.swift; path = SwiftExample3Arguments.swift; sourceTree = "<group>"; };
		825AEB6C21904A7B00A98A4B /* SwiftExample4Arguments.swift */ = {isa = PBXFileReference; lastKnownFileType = sourcecode.swift; path = SwiftExample4Arguments.swift; sourceTree = "<group>"; };
		825AEB6E21904A7B00A98A4B /* SwiftExample2Arguments.swift */ = {isa = PBXFileReference; lastKnownFileType = sourcecode.swift; path = SwiftExample2Arguments.swift; sourceTree = "<group>"; };
		825AEB7021904A7B00A98A4B /* SwiftExample3Arguments.swift */ = {isa = PBXFileReference; lastKnownFileType = sourcecode.swift; path = SwiftExample3Arguments.swift; sourceTree = "<group>"; };
		825AEB7321904A7B00A98A4B /* de */ = {isa = PBXFileReference; lastKnownFileType = text.plist.strings; name = de; path = de.lproj/Localizable.strings; sourceTree = "<group>"; };
		825AEB7421904A7B00A98A4B /* zh-Hans */ = {isa = PBXFileReference; lastKnownFileType = text.plist.strings; name = "zh-Hans"; path = "zh-Hans.lproj/Localizable.strings"; sourceTree = "<group>"; };
		825AEB7621904A7B00A98A4B /* zh-Hans */ = {isa = PBXFileReference; lastKnownFileType = text.plist.strings; name = "zh-Hans"; path = "zh-Hans.lproj/CustomName.strings"; sourceTree = "<group>"; };
		825AEB7721904A7B00A98A4B /* ja */ = {isa = PBXFileReference; lastKnownFileType = text.plist.strings; name = ja; path = ja.lproj/Localizable.strings; sourceTree = "<group>"; };
		825AEB7821904A7B00A98A4B /* en */ = {isa = PBXFileReference; lastKnownFileType = text.plist.strings; name = en; path = en.lproj/Localizable.strings; sourceTree = "<group>"; };
		825AEB7A21904A7B00A98A4B /* en */ = {isa = PBXFileReference; lastKnownFileType = text.plist.strings; name = en; path = en.lproj/InfoPlist.strings; sourceTree = "<group>"; };
		825AEB7B21904A7B00A98A4B /* LongNewExample.strings */ = {isa = PBXFileReference; lastKnownFileType = text.plist.strings; path = LongNewExample.strings; sourceTree = "<group>"; };
		825AEB7C21904A7B00A98A4B /* NewExample.strings */ = {isa = PBXFileReference; lastKnownFileType = text.plist.strings; path = NewExample.strings; sourceTree = "<group>"; };
		825AEB7F21904A7B00A98A4B /* Base */ = {isa = PBXFileReference; lastKnownFileType = text.plist.strings; name = Base; path = Base.lproj/Localizable.strings; sourceTree = "<group>"; };
		825AEB8021904A7B00A98A4B /* OldExample.strings */ = {isa = PBXFileReference; lastKnownFileType = text.plist.strings; path = OldExample.strings; sourceTree = "<group>"; };
		825AEB8121904A7B00A98A4B /* LongOldExample.strings */ = {isa = PBXFileReference; lastKnownFileType = text.plist.strings; path = LongOldExample.strings; sourceTree = "<group>"; };
		825AEB8521904A7B00A98A4B /* info.txt */ = {isa = PBXFileReference; lastKnownFileType = text; path = info.txt; sourceTree = "<group>"; };
		825AEB8721904A7B00A98A4B /* info.txt */ = {isa = PBXFileReference; lastKnownFileType = text; path = info.txt; sourceTree = "<group>"; };
		825AEB8921904A7B00A98A4B /* info.txt */ = {isa = PBXFileReference; lastKnownFileType = text; path = info.txt; sourceTree = "<group>"; };
		825AEB8C21904A7B00A98A4B /* info.txt */ = {isa = PBXFileReference; lastKnownFileType = text; path = info.txt; sourceTree = "<group>"; };
		825AEB8E21904A7B00A98A4B /* info.txt */ = {isa = PBXFileReference; lastKnownFileType = text; path = info.txt; sourceTree = "<group>"; };
		825AEB9021904A7B00A98A4B /* info.txt */ = {isa = PBXFileReference; lastKnownFileType = text; path = info.txt; sourceTree = "<group>"; };
		825AEB9321904A7B00A98A4B /* info.txt */ = {isa = PBXFileReference; lastKnownFileType = text; path = info.txt; sourceTree = "<group>"; };
		825AEB9521904A7B00A98A4B /* info.txt */ = {isa = PBXFileReference; lastKnownFileType = text; path = info.txt; sourceTree = "<group>"; };
		825AEB9721904A7B00A98A4B /* info.txt */ = {isa = PBXFileReference; lastKnownFileType = text; path = info.txt; sourceTree = "<group>"; };
		825AEB9B21904A7B00A98A4B /* SwiftExample3.swift */ = {isa = PBXFileReference; lastKnownFileType = sourcecode.swift; path = SwiftExample3.swift; sourceTree = "<group>"; };
		825AEB9C21904A7B00A98A4B /* SwiftExample2.swift */ = {isa = PBXFileReference; lastKnownFileType = sourcecode.swift; path = SwiftExample2.swift; sourceTree = "<group>"; };
		825AEB9D21904A7B00A98A4B /* SwiftExample1.swift */ = {isa = PBXFileReference; lastKnownFileType = sourcecode.swift; path = SwiftExample1.swift; sourceTree = "<group>"; };
		825AEB9F21904A7B00A98A4B /* SwiftExample3.swift */ = {isa = PBXFileReference; lastKnownFileType = sourcecode.swift; path = SwiftExample3.swift; sourceTree = "<group>"; };
		825AEBA021904CA700A98A4B /* CONTRIBUTING.md */ = {isa = PBXFileReference; lastKnownFileType = net.daringfireball.markdown; path = CONTRIBUTING.md; sourceTree = "<group>"; };
		825AEBA121904D5C00A98A4B /* MIGRATION_GUIDES.md */ = {isa = PBXFileReference; lastKnownFileType = net.daringfireball.markdown; path = MIGRATION_GUIDES.md; sourceTree = "<group>"; };
		825AEBA221904F5A00A98A4B /* CHANGELOG.md */ = {isa = PBXFileReference; lastKnownFileType = net.daringfireball.markdown; path = CHANGELOG.md; sourceTree = "<group>"; };
		825AEBA321906D3400A98A4B /* CODE_OF_CONDUCT.md */ = {isa = PBXFileReference; lastKnownFileType = net.daringfireball.markdown; path = CODE_OF_CONDUCT.md; sourceTree = "<group>"; };
		825AEBA421906D8F00A98A4B /* .projlint.yml */ = {isa = PBXFileReference; lastKnownFileType = text; path = .projlint.yml; sourceTree = "<group>"; };
		825AEBAC21907A9A00A98A4B /* IB-Comment-Exclusion-Example2.png */ = {isa = PBXFileReference; lastKnownFileType = image.png; path = "IB-Comment-Exclusion-Example2.png"; sourceTree = "<group>"; };
		825AEBAD21907A9A00A98A4B /* Exclusion-Example.png */ = {isa = PBXFileReference; lastKnownFileType = image.png; path = "Exclusion-Example.png"; sourceTree = "<group>"; };
		825AEBAE21907A9A00A98A4B /* Build-Script-Example.png */ = {isa = PBXFileReference; lastKnownFileType = image.png; path = "Build-Script-Example.png"; sourceTree = "<group>"; };
		825AEBAF21907A9A00A98A4B /* IB-Comment-Exclusion-Example1.png */ = {isa = PBXFileReference; lastKnownFileType = image.png; path = "IB-Comment-Exclusion-Example1.png"; sourceTree = "<group>"; };
		825AEBB121907CF500A98A4B /* FrequencyTable.swift */ = {isa = PBXFileReference; fileEncoding = 4; lastKnownFileType = sourcecode.swift; path = FrequencyTable.swift; sourceTree = "<group>"; };
		825AEBB221907CF500A98A4B /* Regex.swift */ = {isa = PBXFileReference; fileEncoding = 4; lastKnownFileType = sourcecode.swift; path = Regex.swift; sourceTree = "<group>"; };
		825AEBB321907CF500A98A4B /* Unowned.swift */ = {isa = PBXFileReference; fileEncoding = 4; lastKnownFileType = sourcecode.swift; path = Unowned.swift; sourceTree = "<group>"; };
		825AEBB421907CF500A98A4B /* SortedArray.swift */ = {isa = PBXFileReference; fileEncoding = 4; lastKnownFileType = sourcecode.swift; path = SortedArray.swift; sourceTree = "<group>"; };
		825AEBB521907CF500A98A4B /* Weak.swift */ = {isa = PBXFileReference; fileEncoding = 4; lastKnownFileType = sourcecode.swift; path = Weak.swift; sourceTree = "<group>"; };
		825AEBB621907CF500A98A4B /* Globals.swift */ = {isa = PBXFileReference; fileEncoding = 4; lastKnownFileType = sourcecode.swift; name = Globals.swift; path = Frameworks/HandySwift/Globals.swift; sourceTree = "<group>"; };
		825AEBB821907CF600A98A4B /* CollectionExtension.swift */ = {isa = PBXFileReference; fileEncoding = 4; lastKnownFileType = sourcecode.swift; path = CollectionExtension.swift; sourceTree = "<group>"; };
		825AEBB921907CF600A98A4B /* ArrayExtension.swift */ = {isa = PBXFileReference; fileEncoding = 4; lastKnownFileType = sourcecode.swift; path = ArrayExtension.swift; sourceTree = "<group>"; };
		825AEBBA21907CF600A98A4B /* IntExtension.swift */ = {isa = PBXFileReference; fileEncoding = 4; lastKnownFileType = sourcecode.swift; path = IntExtension.swift; sourceTree = "<group>"; };
		825AEBBB21907CF600A98A4B /* TimeIntervalExtension.swift */ = {isa = PBXFileReference; fileEncoding = 4; lastKnownFileType = sourcecode.swift; path = TimeIntervalExtension.swift; sourceTree = "<group>"; };
		825AEBBC21907CF600A98A4B /* StringExtension.swift */ = {isa = PBXFileReference; fileEncoding = 4; lastKnownFileType = sourcecode.swift; path = StringExtension.swift; sourceTree = "<group>"; };
		825AEBBD21907CF600A98A4B /* DictionaryExtension.swift */ = {isa = PBXFileReference; fileEncoding = 4; lastKnownFileType = sourcecode.swift; path = DictionaryExtension.swift; sourceTree = "<group>"; };
		825AEBBE21907CF600A98A4B /* DispatchTimeIntervalExtension.swift */ = {isa = PBXFileReference; fileEncoding = 4; lastKnownFileType = sourcecode.swift; path = DispatchTimeIntervalExtension.swift; sourceTree = "<group>"; };
		825AEBD921907D2900A98A4B /* StringGenerator.swift */ = {isa = PBXFileReference; fileEncoding = 4; lastKnownFileType = sourcecode.swift; name = StringGenerator.swift; path = Sources/StringGenerator.swift; sourceTree = "<group>"; };
		825AEBDA21907D2900A98A4B /* OutputTarget.swift */ = {isa = PBXFileReference; fileEncoding = 4; lastKnownFileType = sourcecode.swift; name = OutputTarget.swift; path = Sources/OutputTarget.swift; sourceTree = "<group>"; };
		825AEBDB21907D2900A98A4B /* Style.swift */ = {isa = PBXFileReference; fileEncoding = 4; lastKnownFileType = sourcecode.swift; name = Style.swift; path = Sources/Style.swift; sourceTree = "<group>"; };
		825AEBDC21907D2900A98A4B /* String+Rainbow.swift */ = {isa = PBXFileReference; fileEncoding = 4; lastKnownFileType = sourcecode.swift; name = "String+Rainbow.swift"; path = "Sources/String+Rainbow.swift"; sourceTree = "<group>"; };
		825AEBDD21907D2900A98A4B /* CodesParser.swift */ = {isa = PBXFileReference; fileEncoding = 4; lastKnownFileType = sourcecode.swift; name = CodesParser.swift; path = Sources/CodesParser.swift; sourceTree = "<group>"; };
		825AEBDE21907D2900A98A4B /* BackgroundColor.swift */ = {isa = PBXFileReference; fileEncoding = 4; lastKnownFileType = sourcecode.swift; name = BackgroundColor.swift; path = Sources/BackgroundColor.swift; sourceTree = "<group>"; };
		825AEBDF21907D2900A98A4B /* Rainbow.swift */ = {isa = PBXFileReference; fileEncoding = 4; lastKnownFileType = sourcecode.swift; name = Rainbow.swift; path = Sources/Rainbow.swift; sourceTree = "<group>"; };
		825AEBE021907D2900A98A4B /* ControlCode.swift */ = {isa = PBXFileReference; fileEncoding = 4; lastKnownFileType = sourcecode.swift; name = ControlCode.swift; path = Sources/ControlCode.swift; sourceTree = "<group>"; };
		825AEBE121907D2900A98A4B /* XcodeColorsSupport.swift */ = {isa = PBXFileReference; fileEncoding = 4; lastKnownFileType = sourcecode.swift; name = XcodeColorsSupport.swift; path = Sources/XcodeColorsSupport.swift; sourceTree = "<group>"; };
		825AEBE221907D2900A98A4B /* ModesExtractor.swift */ = {isa = PBXFileReference; fileEncoding = 4; lastKnownFileType = sourcecode.swift; name = ModesExtractor.swift; path = Sources/ModesExtractor.swift; sourceTree = "<group>"; };
		825AEBE321907D2900A98A4B /* Color.swift */ = {isa = PBXFileReference; fileEncoding = 4; lastKnownFileType = sourcecode.swift; name = Color.swift; path = Sources/Color.swift; sourceTree = "<group>"; };
		825CD98F2108961B00CC3AD1 /* CommandLineKit.swift */ = {isa = PBXFileReference; fileEncoding = 4; lastKnownFileType = sourcecode.swift; path = CommandLineKit.swift; sourceTree = "<group>"; };
		825CD9902108961B00CC3AD1 /* Option.swift */ = {isa = PBXFileReference; fileEncoding = 4; lastKnownFileType = sourcecode.swift; path = Option.swift; sourceTree = "<group>"; };
		825CD9912108961B00CC3AD1 /* StringExtensions.swift */ = {isa = PBXFileReference; fileEncoding = 4; lastKnownFileType = sourcecode.swift; path = StringExtensions.swift; sourceTree = "<group>"; };
		825CD9DC2108961B00CC3AD1 /* Session.swift */ = {isa = PBXFileReference; fileEncoding = 4; lastKnownFileType = sourcecode.swift; path = Session.swift; sourceTree = "<group>"; };
		825CD9DD2108961B00CC3AD1 /* StringExtensionPolyglot.swift */ = {isa = PBXFileReference; fileEncoding = 4; lastKnownFileType = sourcecode.swift; path = StringExtensionPolyglot.swift; sourceTree = "<group>"; };
		825CD9DE2108961B00CC3AD1 /* Polyglot.swift */ = {isa = PBXFileReference; fileEncoding = 4; lastKnownFileType = sourcecode.swift; path = Polyglot.swift; sourceTree = "<group>"; };
		8278A8FF1CA129960041B196 /* Constants.m */ = {isa = PBXFileReference; fileEncoding = 4; lastKnownFileType = sourcecode.c.objc; path = Constants.m; sourceTree = "<group>"; };
		8278A9011CA129FA0041B196 /* Constants.h */ = {isa = PBXFileReference; lastKnownFileType = sourcecode.c.h; path = Constants.h; sourceTree = "<group>"; };
		82CDE2641C6ABBF500055FE6 /* BartyCrouch.h */ = {isa = PBXFileReference; fileEncoding = 4; lastKnownFileType = sourcecode.c.h; path = BartyCrouch.h; sourceTree = "<group>"; };
		82CDE2651C6ABBF500055FE6 /* Info.plist */ = {isa = PBXFileReference; fileEncoding = 4; lastKnownFileType = text.plist.xml; path = Info.plist; sourceTree = "<group>"; };
		82CDE26E1C6ABD8800055FE6 /* Info.plist */ = {isa = PBXFileReference; lastKnownFileType = text.plist.xml; path = Info.plist; sourceTree = "<group>"; };
		82CDE2731C6ABE5C00055FE6 /* bartycrouch */ = {isa = PBXFileReference; explicitFileType = "compiled.mach-o.executable"; includeInIndex = 0; path = bartycrouch; sourceTree = BUILT_PRODUCTS_DIR; };
		82CDE2751C6ABE5D00055FE6 /* main.swift */ = {isa = PBXFileReference; lastKnownFileType = sourcecode.swift; path = main.swift; sourceTree = "<group>"; };
		82CDE27F1C6ABF3A00055FE6 /* BartyCrouchKit.framework */ = {isa = PBXFileReference; explicitFileType = wrapper.framework; includeInIndex = 0; path = BartyCrouchKit.framework; sourceTree = BUILT_PRODUCTS_DIR; };
		82CDE2881C6ABF3A00055FE6 /* BartyCrouchTests.xctest */ = {isa = PBXFileReference; explicitFileType = wrapper.cfbundle; includeInIndex = 0; path = BartyCrouchTests.xctest; sourceTree = BUILT_PRODUCTS_DIR; };
		82CDE2DF1C6BF35500055FE6 /* StringsFileUpdater.swift */ = {isa = PBXFileReference; fileEncoding = 4; lastKnownFileType = sourcecode.swift; path = StringsFileUpdater.swift; sourceTree = "<group>"; };
		82CDE2EA1C6BF9D900055FE6 /* IBToolCommander.swift */ = {isa = PBXFileReference; fileEncoding = 4; lastKnownFileType = sourcecode.swift; path = IBToolCommander.swift; sourceTree = "<group>"; };
		82CDE2EC1C6BFE8F00055FE6 /* IBToolCommanderTests.swift */ = {isa = PBXFileReference; fileEncoding = 4; lastKnownFileType = sourcecode.swift; path = IBToolCommanderTests.swift; sourceTree = "<group>"; };
		82CDE2EE1C6BFE9D00055FE6 /* StringsFileUpdaterTests.swift */ = {isa = PBXFileReference; fileEncoding = 4; lastKnownFileType = sourcecode.swift; path = StringsFileUpdaterTests.swift; sourceTree = "<group>"; };
		82CDE2F71C6C08F800055FE6 /* BartyCrouchKitTests-Bridging-Header.h */ = {isa = PBXFileReference; fileEncoding = 4; lastKnownFileType = sourcecode.c.h; path = "BartyCrouchKitTests-Bridging-Header.h"; sourceTree = "<group>"; };
		82F2E1041D27CF7900C6386A /* .swiftlint.yml */ = {isa = PBXFileReference; lastKnownFileType = text; path = .swiftlint.yml; sourceTree = "<group>"; };
		82F2E1051D27DB8A00C6386A /* LICENSE */ = {isa = PBXFileReference; lastKnownFileType = text; path = LICENSE; sourceTree = "<group>"; };
		82F2E1061D27DB8A00C6386A /* README.md */ = {isa = PBXFileReference; lastKnownFileType = net.daringfireball.markdown; path = README.md; sourceTree = "<group>"; };
		9CAC272D20E5119500B7E112 /* FindFilesTests.swift */ = {isa = PBXFileReference; lastKnownFileType = sourcecode.swift; path = FindFilesTests.swift; sourceTree = "<group>"; };
		A1A1BE7C1F3212BB006A0049 /* BartyCrouch.podspec */ = {isa = PBXFileReference; lastKnownFileType = text; path = BartyCrouch.podspec; sourceTree = "<group>"; };
		A1B73EB11E00A8320070D20F /* Cartfile.resolved */ = {isa = PBXFileReference; lastKnownFileType = text; path = Cartfile.resolved; sourceTree = "<group>"; };
		E78B1E131DFAB33200C7C290 /* ExtractLocStringsCommander.swift */ = {isa = PBXFileReference; fileEncoding = 4; lastKnownFileType = sourcecode.swift; path = ExtractLocStringsCommander.swift; sourceTree = "<group>"; };
		E78B1E161DFABA5500C7C290 /* CodeCommander.swift */ = {isa = PBXFileReference; fileEncoding = 4; lastKnownFileType = sourcecode.swift; path = CodeCommander.swift; sourceTree = "<group>"; };
		E7974AF11DFAE9AA00E31754 /* ExtractLocStringsCommanderTests.swift */ = {isa = PBXFileReference; fileEncoding = 4; lastKnownFileType = sourcecode.swift; path = ExtractLocStringsCommanderTests.swift; sourceTree = "<group>"; };
/* End PBXFileReference section */

/* Begin PBXFrameworksBuildPhase section */
		82CDE2701C6ABE5C00055FE6 /* Frameworks */ = {
			isa = PBXFrameworksBuildPhase;
			buildActionMask = 2147483647;
			files = (
			);
			runOnlyForDeploymentPostprocessing = 0;
		};
		82CDE27B1C6ABF3A00055FE6 /* Frameworks */ = {
			isa = PBXFrameworksBuildPhase;
			buildActionMask = 2147483647;
			files = (
			);
			runOnlyForDeploymentPostprocessing = 0;
		};
		82CDE2851C6ABF3A00055FE6 /* Frameworks */ = {
			isa = PBXFrameworksBuildPhase;
			buildActionMask = 2147483647;
			files = (
				E4EDD5ED1E314F080010D878 /* BartyCrouchKit.framework in Frameworks */,
			);
			runOnlyForDeploymentPostprocessing = 0;
		};
/* End PBXFrameworksBuildPhase section */

/* Begin PBXGroup section */
		820649CE1C7CA6FA009E501E /* Carthage */ = {
			isa = PBXGroup;
			children = (
				825CD97F2108961B00CC3AD1 /* CommandLine */,
				825CD9FA2108961C00CC3AD1 /* HandySwift */,
				825CD9D42108961B00CC3AD1 /* Polyglot */,
				825CD99E2108961B00CC3AD1 /* Rainbow */,
			);
			path = Carthage;
			sourceTree = "<group>";
		};
		825AEB33219047F100A98A4B /* BartyCrouchKit */ = {
			isa = PBXGroup;
			children = (
				825AEB372190484600A98A4B /* CommandLine */,
				825AEB382190484B00A98A4B /* FileHandling */,
			);
			path = BartyCrouchKit;
			sourceTree = "<group>";
		};
		825AEB342190480500A98A4B /* BartyCrouch */ = {
			isa = PBXGroup;
			children = (
				82CDE2751C6ABE5D00055FE6 /* main.swift */,
			);
			path = BartyCrouch;
			sourceTree = "<group>";
		};
		825AEB352190482500A98A4B /* BartyCrouchKitTests */ = {
			isa = PBXGroup;
			children = (
				825AEB3D2190493500A98A4B /* CommandLine */,
				825AEB3C2190492F00A98A4B /* FileHandling */,
			);
			path = BartyCrouchKitTests;
			sourceTree = "<group>";
		};
		825AEB372190484600A98A4B /* CommandLine */ = {
			isa = PBXGroup;
			children = (
				E78B1E161DFABA5500C7C290 /* CodeCommander.swift */,
				82125E921D0312CF00B9C66B /* Commander.swift */,
				824DAA5C1CDB60E00077F93A /* CommandLineActor.swift */,
				824DAA691CDB80E10077F93A /* CommandLineParser.swift */,
				E78B1E131DFAB33200C7C290 /* ExtractLocStringsCommander.swift */,
				82463DF91CD910FD00D28A2C /* GenStringsCommander.swift */,
				82CDE2EA1C6BF9D900055FE6 /* IBToolCommander.swift */,
				825AEB392190485B00A98A4B /* Helpers */,
			);
			path = CommandLine;
			sourceTree = "<group>";
		};
		825AEB382190484B00A98A4B /* FileHandling */ = {
			isa = PBXGroup;
			children = (
				821DED391C70CFBB00B8353B /* StringsFilesSearch.swift */,
				82CDE2DF1C6BF35500055FE6 /* StringsFileUpdater.swift */,
			);
			path = FileHandling;
			sourceTree = "<group>";
		};
		825AEB392190485B00A98A4B /* Helpers */ = {
			isa = PBXGroup;
			children = (
				824DAA621CDB6F520077F93A /* SubCommander.swift */,
				00135F842056CDA700696558 /* PrintLevel.swift */,
			);
			path = Helpers;
			sourceTree = "<group>";
		};
		825AEB3C2190492F00A98A4B /* FileHandling */ = {
			isa = PBXGroup;
			children = (
				821DED3B1C70D04B00B8353B /* StringsFilesSearchTests.swift */,
				82CDE2EE1C6BFE9D00055FE6 /* StringsFileUpdaterTests.swift */,
			);
			path = FileHandling;
			sourceTree = "<group>";
		};
		825AEB3D2190493500A98A4B /* CommandLine */ = {
			isa = PBXGroup;
			children = (
				824DAA601CDB61140077F93A /* CommandLineActorTests.swift */,
				824DAA6C1CDBA55F0077F93A /* CommandLineParserTests.swift */,
				E7974AF11DFAE9AA00E31754 /* ExtractLocStringsCommanderTests.swift */,
				9CAC272D20E5119500B7E112 /* FindFilesTests.swift */,
				82463E0A1CD9197600D28A2C /* GenStringsCommanderTests.swift */,
				82CDE2EC1C6BFE8F00055FE6 /* IBToolCommanderTests.swift */,
			);
			path = CommandLine;
			sourceTree = "<group>";
		};
		825AEB3E21904A7B00A98A4B /* CodeFilesCustomFunction */ = {
			isa = PBXGroup;
			children = (
				825AEB4121904A7B00A98A4B /* SwiftExample1.swift */,
				825AEB3F21904A7B00A98A4B /* Subfolder */,
				825AEB4221904A7B00A98A4B /* UnsortedKeys */,
			);
			path = CodeFilesCustomFunction;
			sourceTree = "<group>";
		};
		825AEB3F21904A7B00A98A4B /* Subfolder */ = {
			isa = PBXGroup;
			children = (
				825AEB4021904A7B00A98A4B /* SwiftExample2.swift */,
			);
			path = Subfolder;
			sourceTree = "<group>";
		};
		825AEB4221904A7B00A98A4B /* UnsortedKeys */ = {
			isa = PBXGroup;
			children = (
				825AEB4321904A7B00A98A4B /* SwiftExample3.swift */,
			);
			path = UnsortedKeys;
			sourceTree = "<group>";
		};
		825AEB4421904A7B00A98A4B /* Storyboards */ = {
			isa = PBXGroup;
			children = (
				825AEB4F21904A7B00A98A4B /* iOS */,
				825AEB4521904A7B00A98A4B /* macOS */,
				825AEB5921904A7B00A98A4B /* tvOS */,
			);
			path = Storyboards;
			sourceTree = "<group>";
		};
		825AEB4521904A7B00A98A4B /* macOS */ = {
			isa = PBXGroup;
			children = (
				825AEB4621904A7B00A98A4B /* Example.strings */,
				825AEB4B21904A7B00A98A4B /* Example.storyboard.strings */,
				825AEB4D21904A7B00A98A4B /* Example.storyboard */,
			);
			path = macOS;
			sourceTree = "<group>";
		};
		825AEB4F21904A7B00A98A4B /* iOS */ = {
			isa = PBXGroup;
			children = (
				825AEB5021904A7B00A98A4B /* Example.strings */,
				825AEB5521904A7B00A98A4B /* Example.storyboard.strings */,
				825AEB5721904A7B00A98A4B /* Example.storyboard */,
			);
			path = iOS;
			sourceTree = "<group>";
		};
		825AEB5921904A7B00A98A4B /* tvOS */ = {
			isa = PBXGroup;
			children = (
				825AEB5A21904A7B00A98A4B /* Example.strings */,
				825AEB5F21904A7B00A98A4B /* Example.storyboard.strings */,
				825AEB6121904A7B00A98A4B /* Example.storyboard */,
			);
			path = tvOS;
			sourceTree = "<group>";
		};
		825AEB6321904A7B00A98A4B /* MultipleArgumentsCode */ = {
			isa = PBXGroup;
			children = (
				825AEB6621904A7B00A98A4B /* 2Arguments */,
				825AEB6821904A7B00A98A4B /* 3Arguments */,
				825AEB6421904A7B00A98A4B /* 4Arguments */,
			);
			path = MultipleArgumentsCode;
			sourceTree = "<group>";
		};
		825AEB6421904A7B00A98A4B /* 4Arguments */ = {
			isa = PBXGroup;
			children = (
				825AEB6521904A7B00A98A4B /* SwiftExample4Arguments.swift */,
			);
			path = 4Arguments;
			sourceTree = "<group>";
		};
		825AEB6621904A7B00A98A4B /* 2Arguments */ = {
			isa = PBXGroup;
			children = (
				825AEB6721904A7B00A98A4B /* SwiftExample2Arguments.swift */,
			);
			path = 2Arguments;
			sourceTree = "<group>";
		};
		825AEB6821904A7B00A98A4B /* 3Arguments */ = {
			isa = PBXGroup;
			children = (
				825AEB6921904A7B00A98A4B /* SwiftExample3Arguments.swift */,
			);
			path = 3Arguments;
			sourceTree = "<group>";
		};
		825AEB6A21904A7B00A98A4B /* MultipleArgumentsCodeCustomFunction */ = {
			isa = PBXGroup;
			children = (
				825AEB6D21904A7B00A98A4B /* 2Arguments */,
				825AEB6F21904A7B00A98A4B /* 3Arguments */,
				825AEB6B21904A7B00A98A4B /* 4Arguments */,
			);
			path = MultipleArgumentsCodeCustomFunction;
			sourceTree = "<group>";
		};
		825AEB6B21904A7B00A98A4B /* 4Arguments */ = {
			isa = PBXGroup;
			children = (
				825AEB6C21904A7B00A98A4B /* SwiftExample4Arguments.swift */,
			);
			path = 4Arguments;
			sourceTree = "<group>";
		};
		825AEB6D21904A7B00A98A4B /* 2Arguments */ = {
			isa = PBXGroup;
			children = (
				825AEB6E21904A7B00A98A4B /* SwiftExample2Arguments.swift */,
			);
			path = 2Arguments;
			sourceTree = "<group>";
		};
		825AEB6F21904A7B00A98A4B /* 3Arguments */ = {
			isa = PBXGroup;
			children = (
				825AEB7021904A7B00A98A4B /* SwiftExample3Arguments.swift */,
			);
			path = 3Arguments;
			sourceTree = "<group>";
		};
		825AEB7121904A7B00A98A4B /* StringsFiles */ = {
			isa = PBXGroup;
			children = (
				825AEB7521904A7B00A98A4B /* CustomName.strings */,
				825AEB7921904A7B00A98A4B /* InfoPlist.strings */,
				825AEB7221904A7B00A98A4B /* Localizable.strings */,
				825AEB7B21904A7B00A98A4B /* LongNewExample.strings */,
				825AEB8121904A7B00A98A4B /* LongOldExample.strings */,
				825AEB7C21904A7B00A98A4B /* NewExample.strings */,
				825AEB8021904A7B00A98A4B /* OldExample.strings */,
				825AEB8221904A7B00A98A4B /* build */,
				825AEB7D21904A7B00A98A4B /* UnsortedKeys */,
			);
			path = StringsFiles;
			sourceTree = "<group>";
		};
		825AEB7D21904A7B00A98A4B /* UnsortedKeys */ = {
			isa = PBXGroup;
			children = (
				825AEB7E21904A7B00A98A4B /* Localizable.strings */,
			);
			path = UnsortedKeys;
			sourceTree = "<group>";
		};
		825AEB8221904A7B00A98A4B /* build */ = {
			isa = PBXGroup;
			children = (
				825AEB8321904A7B00A98A4B /* 1 */,
				825AEB9121904A7B00A98A4B /* 2 */,
				825AEB8A21904A7B00A98A4B /* 3 */,
			);
			path = build;
			sourceTree = "<group>";
		};
		825AEB8321904A7B00A98A4B /* 1 */ = {
			isa = PBXGroup;
			children = (
				825AEB8421904A7B00A98A4B /* 11 */,
				825AEB8621904A7B00A98A4B /* 12 */,
				825AEB8821904A7B00A98A4B /* 13 */,
			);
			path = 1;
			sourceTree = "<group>";
		};
		825AEB8421904A7B00A98A4B /* 11 */ = {
			isa = PBXGroup;
			children = (
				825AEB8521904A7B00A98A4B /* info.txt */,
			);
			path = 11;
			sourceTree = "<group>";
		};
		825AEB8621904A7B00A98A4B /* 12 */ = {
			isa = PBXGroup;
			children = (
				825AEB8721904A7B00A98A4B /* info.txt */,
			);
			path = 12;
			sourceTree = "<group>";
		};
		825AEB8821904A7B00A98A4B /* 13 */ = {
			isa = PBXGroup;
			children = (
				825AEB8921904A7B00A98A4B /* info.txt */,
			);
			path = 13;
			sourceTree = "<group>";
		};
		825AEB8A21904A7B00A98A4B /* 3 */ = {
			isa = PBXGroup;
			children = (
				825AEB8F21904A7B00A98A4B /* 31 */,
				825AEB8B21904A7B00A98A4B /* 32 */,
				825AEB8D21904A7B00A98A4B /* 33 */,
			);
			path = 3;
			sourceTree = "<group>";
		};
		825AEB8B21904A7B00A98A4B /* 32 */ = {
			isa = PBXGroup;
			children = (
				825AEB8C21904A7B00A98A4B /* info.txt */,
			);
			path = 32;
			sourceTree = "<group>";
		};
		825AEB8D21904A7B00A98A4B /* 33 */ = {
			isa = PBXGroup;
			children = (
				825AEB8E21904A7B00A98A4B /* info.txt */,
			);
			path = 33;
			sourceTree = "<group>";
		};
		825AEB8F21904A7B00A98A4B /* 31 */ = {
			isa = PBXGroup;
			children = (
				825AEB9021904A7B00A98A4B /* info.txt */,
			);
			path = 31;
			sourceTree = "<group>";
		};
		825AEB9121904A7B00A98A4B /* 2 */ = {
			isa = PBXGroup;
			children = (
				825AEB9221904A7B00A98A4B /* 21 */,
				825AEB9621904A7B00A98A4B /* 22 */,
				825AEB9421904A7B00A98A4B /* 23 */,
			);
			path = 2;
			sourceTree = "<group>";
		};
		825AEB9221904A7B00A98A4B /* 21 */ = {
			isa = PBXGroup;
			children = (
				825AEB9321904A7B00A98A4B /* info.txt */,
			);
			path = 21;
			sourceTree = "<group>";
		};
		825AEB9421904A7B00A98A4B /* 23 */ = {
			isa = PBXGroup;
			children = (
				825AEB9521904A7B00A98A4B /* info.txt */,
			);
			path = 23;
			sourceTree = "<group>";
		};
		825AEB9621904A7B00A98A4B /* 22 */ = {
			isa = PBXGroup;
			children = (
				825AEB9721904A7B00A98A4B /* info.txt */,
			);
			path = 22;
			sourceTree = "<group>";
		};
		825AEB9821904A7B00A98A4B /* CodeFiles */ = {
			isa = PBXGroup;
			children = (
				825AEB9D21904A7B00A98A4B /* SwiftExample1.swift */,
				825AEB9921904A7B00A98A4B /* Subfolder */,
				825AEB9E21904A7B00A98A4B /* UnsortedKeys */,
			);
			path = CodeFiles;
			sourceTree = "<group>";
		};
		825AEB9921904A7B00A98A4B /* Subfolder */ = {
			isa = PBXGroup;
			children = (
				825AEB9A21904A7B00A98A4B /* Subfolder */,
				825AEB9C21904A7B00A98A4B /* SwiftExample2.swift */,
			);
			path = Subfolder;
			sourceTree = "<group>";
		};
		825AEB9A21904A7B00A98A4B /* Subfolder */ = {
			isa = PBXGroup;
			children = (
				825AEB9B21904A7B00A98A4B /* SwiftExample3.swift */,
			);
			path = Subfolder;
			sourceTree = "<group>";
		};
		825AEB9E21904A7B00A98A4B /* UnsortedKeys */ = {
			isa = PBXGroup;
			children = (
				825AEB9F21904A7B00A98A4B /* SwiftExample3.swift */,
			);
			path = UnsortedKeys;
			sourceTree = "<group>";
		};
		825AEBA721907A5E00A98A4B /* Images */ = {
			isa = PBXGroup;
			children = (
				825AEBAE21907A9A00A98A4B /* Build-Script-Example.png */,
				825AEBAD21907A9A00A98A4B /* Exclusion-Example.png */,
				825AEBAF21907A9A00A98A4B /* IB-Comment-Exclusion-Example1.png */,
				825AEBAC21907A9A00A98A4B /* IB-Comment-Exclusion-Example2.png */,
			);
			path = Images;
			sourceTree = "<group>";
		};
		825AEBB021907CF500A98A4B /* Structs */ = {
			isa = PBXGroup;
			children = (
				825AEBB121907CF500A98A4B /* FrequencyTable.swift */,
				825AEBB221907CF500A98A4B /* Regex.swift */,
				825AEBB321907CF500A98A4B /* Unowned.swift */,
				825AEBB421907CF500A98A4B /* SortedArray.swift */,
				825AEBB521907CF500A98A4B /* Weak.swift */,
			);
			name = Structs;
			path = Frameworks/HandySwift/Structs;
			sourceTree = "<group>";
		};
		825AEBB721907CF600A98A4B /* Extensions */ = {
			isa = PBXGroup;
			children = (
				825AEBB821907CF600A98A4B /* CollectionExtension.swift */,
				825AEBB921907CF600A98A4B /* ArrayExtension.swift */,
				825AEBBA21907CF600A98A4B /* IntExtension.swift */,
				825AEBBB21907CF600A98A4B /* TimeIntervalExtension.swift */,
				825AEBBC21907CF600A98A4B /* StringExtension.swift */,
				825AEBBD21907CF600A98A4B /* DictionaryExtension.swift */,
				825AEBBE21907CF600A98A4B /* DispatchTimeIntervalExtension.swift */,
			);
			name = Extensions;
			path = Frameworks/HandySwift/Extensions;
			sourceTree = "<group>";
		};
		825CD97F2108961B00CC3AD1 /* CommandLine */ = {
			isa = PBXGroup;
			children = (
				825CD98F2108961B00CC3AD1 /* CommandLineKit.swift */,
				825CD9902108961B00CC3AD1 /* Option.swift */,
				825CD9912108961B00CC3AD1 /* StringExtensions.swift */,
			);
			name = CommandLine;
			path = Checkouts/CommandLine;
			sourceTree = "<group>";
		};
		825CD99E2108961B00CC3AD1 /* Rainbow */ = {
			isa = PBXGroup;
			children = (
				825AEBDE21907D2900A98A4B /* BackgroundColor.swift */,
				825AEBDD21907D2900A98A4B /* CodesParser.swift */,
				825AEBE321907D2900A98A4B /* Color.swift */,
				825AEBE021907D2900A98A4B /* ControlCode.swift */,
				825AEBE221907D2900A98A4B /* ModesExtractor.swift */,
				825AEBDA21907D2900A98A4B /* OutputTarget.swift */,
				825AEBDF21907D2900A98A4B /* Rainbow.swift */,
				825AEBDC21907D2900A98A4B /* String+Rainbow.swift */,
				825AEBD921907D2900A98A4B /* StringGenerator.swift */,
				825AEBDB21907D2900A98A4B /* Style.swift */,
				825AEBE121907D2900A98A4B /* XcodeColorsSupport.swift */,
			);
			name = Rainbow;
			path = Checkouts/Rainbow;
			sourceTree = "<group>";
		};
		825CD9D42108961B00CC3AD1 /* Polyglot */ = {
			isa = PBXGroup;
			children = (
				825CD9DE2108961B00CC3AD1 /* Polyglot.swift */,
				825CD9DC2108961B00CC3AD1 /* Session.swift */,
				825CD9DD2108961B00CC3AD1 /* StringExtensionPolyglot.swift */,
			);
			name = Polyglot;
			path = Checkouts/Polyglot;
			sourceTree = "<group>";
		};
		825CD9FA2108961C00CC3AD1 /* HandySwift */ = {
			isa = PBXGroup;
			children = (
				825AEBB721907CF600A98A4B /* Extensions */,
				825AEBB621907CF500A98A4B /* Globals.swift */,
				825AEBB021907CF500A98A4B /* Structs */,
			);
			name = HandySwift;
			path = Checkouts/HandySwift;
			sourceTree = "<group>";
		};
		82CDE23C1C6ABB3300055FE6 = {
			isa = PBXGroup;
			children = (
				82CDE2611C6ABBF500055FE6 /* Sources */,
				82CDE2681C6ABC0200055FE6 /* Tests */,
				A1B73EB21E00A8490070D20F /* RootFiles */,
				82CDE2471C6ABB3300055FE6 /* Products */,
				820649CE1C7CA6FA009E501E /* Carthage */,
			);
			sourceTree = "<group>";
		};
		82CDE2471C6ABB3300055FE6 /* Products */ = {
			isa = PBXGroup;
			children = (
				82CDE2731C6ABE5C00055FE6 /* bartycrouch */,
				82CDE27F1C6ABF3A00055FE6 /* BartyCrouchKit.framework */,
				82CDE2881C6ABF3A00055FE6 /* BartyCrouchTests.xctest */,
			);
			name = Products;
			sourceTree = "<group>";
		};
		82CDE2611C6ABBF500055FE6 /* Sources */ = {
			isa = PBXGroup;
			children = (
				825AEB342190480500A98A4B /* BartyCrouch */,
				825AEB33219047F100A98A4B /* BartyCrouchKit */,
				82CDE2631C6ABBF500055FE6 /* SupportingFiles */,
			);
			path = Sources;
			sourceTree = "<group>";
		};
		82CDE2631C6ABBF500055FE6 /* SupportingFiles */ = {
			isa = PBXGroup;
			children = (
				82CDE2641C6ABBF500055FE6 /* BartyCrouch.h */,
				82CDE2651C6ABBF500055FE6 /* Info.plist */,
			);
			path = SupportingFiles;
			sourceTree = "<group>";
		};
		82CDE2681C6ABC0200055FE6 /* Tests */ = {
			isa = PBXGroup;
			children = (
				825AEB352190482500A98A4B /* BartyCrouchKitTests */,
				82CDE26C1C6ABC0200055FE6 /* Resources */,
				82CDE26A1C6ABC0200055FE6 /* SupportingFiles */,
			);
			path = Tests;
			sourceTree = "<group>";
		};
		82CDE26A1C6ABC0200055FE6 /* SupportingFiles */ = {
			isa = PBXGroup;
			children = (
				82CDE26E1C6ABD8800055FE6 /* Info.plist */,
				82CDE2F71C6C08F800055FE6 /* BartyCrouchKitTests-Bridging-Header.h */,
				8278A9011CA129FA0041B196 /* Constants.h */,
				8278A8FF1CA129960041B196 /* Constants.m */,
			);
			path = SupportingFiles;
			sourceTree = "<group>";
		};
		82CDE26C1C6ABC0200055FE6 /* Resources */ = {
			isa = PBXGroup;
			children = (
				825AEB9821904A7B00A98A4B /* CodeFiles */,
				825AEB3E21904A7B00A98A4B /* CodeFilesCustomFunction */,
				825AEB6321904A7B00A98A4B /* MultipleArgumentsCode */,
				825AEB6A21904A7B00A98A4B /* MultipleArgumentsCodeCustomFunction */,
				825AEB4421904A7B00A98A4B /* Storyboards */,
				825AEB7121904A7B00A98A4B /* StringsFiles */,
			);
			path = Resources;
			sourceTree = "<group>";
		};
		A1B73EB21E00A8490070D20F /* RootFiles */ = {
			isa = PBXGroup;
			children = (
				825AEBA421906D8F00A98A4B /* .projlint.yml */,
				82F2E1041D27CF7900C6386A /* .swiftlint.yml */,
				A1A1BE7C1F3212BB006A0049 /* BartyCrouch.podspec */,
				820649CD1C7CA636009E501E /* Cartfile */,
				A1B73EB11E00A8320070D20F /* Cartfile.resolved */,
				825AEBA221904F5A00A98A4B /* CHANGELOG.md */,
				825AEBA321906D3400A98A4B /* CODE_OF_CONDUCT.md */,
				825AEBA021904CA700A98A4B /* CONTRIBUTING.md */,
				82F2E1051D27DB8A00C6386A /* LICENSE */,
				000731D12028A53B00C29CAB /* Makefile */,
				825AEBA121904D5C00A98A4B /* MIGRATION_GUIDES.md */,
				000731D02028A52200C29CAB /* Package.swift */,
				82F2E1061D27DB8A00C6386A /* README.md */,
				825AEBA721907A5E00A98A4B /* Images */,
			);
			name = RootFiles;
			sourceTree = "<group>";
		};
/* End PBXGroup section */

/* Begin PBXHeadersBuildPhase section */
		82CDE27C1C6ABF3A00055FE6 /* Headers */ = {
			isa = PBXHeadersBuildPhase;
			buildActionMask = 2147483647;
			files = (
				82CDE2981C6ABFB800055FE6 /* BartyCrouch.h in Headers */,
			);
			runOnlyForDeploymentPostprocessing = 0;
		};
/* End PBXHeadersBuildPhase section */

/* Begin PBXNativeTarget section */
		82CDE2721C6ABE5C00055FE6 /* BartyCrouch */ = {
			isa = PBXNativeTarget;
			buildConfigurationList = 82CDE2771C6ABE5D00055FE6 /* Build configuration list for PBXNativeTarget "BartyCrouch" */;
			buildPhases = (
				82CDE26F1C6ABE5C00055FE6 /* Sources */,
				82CDE2701C6ABE5C00055FE6 /* Frameworks */,
				82CDE2711C6ABE5C00055FE6 /* CopyFiles */,
			);
			buildRules = (
			);
			dependencies = (
			);
			name = BartyCrouch;
			productName = "BartyCrouch CLI";
			productReference = 82CDE2731C6ABE5C00055FE6 /* bartycrouch */;
			productType = "com.apple.product-type.tool";
		};
		82CDE27E1C6ABF3A00055FE6 /* BartyCrouchKit */ = {
			isa = PBXNativeTarget;
			buildConfigurationList = 82CDE2901C6ABF3A00055FE6 /* Build configuration list for PBXNativeTarget "BartyCrouchKit" */;
			buildPhases = (
				82CDE27A1C6ABF3A00055FE6 /* Sources */,
				82CDE27B1C6ABF3A00055FE6 /* Frameworks */,
				82CDE27C1C6ABF3A00055FE6 /* Headers */,
				82CDE27D1C6ABF3A00055FE6 /* Resources */,
				82F2E1031D27CF4E00C6386A /* SwiftLint */,
				825AEBA521906E4B00A98A4B /* ProjLint */,
			);
			buildRules = (
			);
			dependencies = (
			);
			name = BartyCrouchKit;
			productName = BartyCrouch;
			productReference = 82CDE27F1C6ABF3A00055FE6 /* BartyCrouchKit.framework */;
			productType = "com.apple.product-type.framework";
		};
		82CDE2871C6ABF3A00055FE6 /* BartyCrouchTests */ = {
			isa = PBXNativeTarget;
			buildConfigurationList = 82CDE2931C6ABF3A00055FE6 /* Build configuration list for PBXNativeTarget "BartyCrouchTests" */;
			buildPhases = (
				82CDE2841C6ABF3A00055FE6 /* Sources */,
				82CDE2851C6ABF3A00055FE6 /* Frameworks */,
				82CDE2861C6ABF3A00055FE6 /* Resources */,
			);
			buildRules = (
			);
			dependencies = (
				82CDE28B1C6ABF3A00055FE6 /* PBXTargetDependency */,
			);
			name = BartyCrouchTests;
			productName = BartyCrouchTests;
			productReference = 82CDE2881C6ABF3A00055FE6 /* BartyCrouchTests.xctest */;
			productType = "com.apple.product-type.bundle.unit-test";
		};
/* End PBXNativeTarget section */

/* Begin PBXProject section */
		82CDE23D1C6ABB3300055FE6 /* Project object */ = {
			isa = PBXProject;
			attributes = {
				LastSwiftUpdateCheck = 0720;
				LastUpgradeCheck = 0930;
				ORGANIZATIONNAME = Flinesoft;
				TargetAttributes = {
					82CDE2721C6ABE5C00055FE6 = {
						CreatedOnToolsVersion = 7.2.1;
					};
					82CDE27E1C6ABF3A00055FE6 = {
						CreatedOnToolsVersion = 7.2.1;
						LastSwiftMigration = 0900;
					};
					82CDE2871C6ABF3A00055FE6 = {
						CreatedOnToolsVersion = 7.2.1;
						LastSwiftMigration = 0900;
					};
				};
			};
			buildConfigurationList = 82CDE2401C6ABB3300055FE6 /* Build configuration list for PBXProject "BartyCrouch" */;
			compatibilityVersion = "Xcode 3.2";
			developmentRegion = English;
			hasScannedForEncodings = 0;
			knownRegions = (
				en,
				Base,
				ja,
				de,
				"zh-Hans",
			);
			mainGroup = 82CDE23C1C6ABB3300055FE6;
			productRefGroup = 82CDE2471C6ABB3300055FE6 /* Products */;
			projectDirPath = "";
			projectRoot = "";
			targets = (
				82CDE2721C6ABE5C00055FE6 /* BartyCrouch */,
				82CDE27E1C6ABF3A00055FE6 /* BartyCrouchKit */,
				82CDE2871C6ABF3A00055FE6 /* BartyCrouchTests */,
			);
		};
/* End PBXProject section */

/* Begin PBXResourcesBuildPhase section */
		82CDE27D1C6ABF3A00055FE6 /* Resources */ = {
			isa = PBXResourcesBuildPhase;
			buildActionMask = 2147483647;
			files = (
			);
			runOnlyForDeploymentPostprocessing = 0;
		};
		82CDE2861C6ABF3A00055FE6 /* Resources */ = {
			isa = PBXResourcesBuildPhase;
			buildActionMask = 2147483647;
			files = (
			);
			runOnlyForDeploymentPostprocessing = 0;
		};
/* End PBXResourcesBuildPhase section */

/* Begin PBXShellScriptBuildPhase section */
		825AEBA521906E4B00A98A4B /* ProjLint */ = {
			isa = PBXShellScriptBuildPhase;
			buildActionMask = 2147483647;
			files = (
			);
			inputFileListPaths = (
			);
			inputPaths = (
			);
			name = ProjLint;
			outputFileListPaths = (
			);
			outputPaths = (
			);
			runOnlyForDeploymentPostprocessing = 0;
			shellPath = /bin/sh;
			shellScript = "if [ \"${CONFIGURATION}\" = \"Debug\" ]; then\n    if which projlint > /dev/null; then\n        projlint lint --xcode --timeout 2 --ignore-network-errors\n    else\n        echo \"warning: ProjLint not installed, download it from https://github.com/JamitLabs/ProjLint\"\n    fi\nfi\n";
		};
		82F2E1031D27CF4E00C6386A /* SwiftLint */ = {
			isa = PBXShellScriptBuildPhase;
			buildActionMask = 2147483647;
			files = (
			);
			inputPaths = (
			);
			name = SwiftLint;
			outputPaths = (
			);
			runOnlyForDeploymentPostprocessing = 0;
			shellPath = /bin/sh;
			shellScript = "if [ \"${CONFIGURATION}\" = \"Debug\" ]; then\n    if which swiftlint > /dev/null; then\n        swiftlint --quiet\n    else\n        echo \"warning: SwiftLint not installed, download it from https://github.com/realm/SwiftLint\"\n    fi\nfi\n";
		};
/* End PBXShellScriptBuildPhase section */

/* Begin PBXSourcesBuildPhase section */
		82CDE26F1C6ABE5C00055FE6 /* Sources */ = {
			isa = PBXSourcesBuildPhase;
			buildActionMask = 2147483647;
			files = (
				828ED5361C710C2F00E0E947 /* IBToolCommander.swift in Sources */,
				825AEBC521907CF600A98A4B /* SortedArray.swift in Sources */,
				825AEBBF21907CF600A98A4B /* FrequencyTable.swift in Sources */,
				00135F862056CDA700696558 /* PrintLevel.swift in Sources */,
				8201110A2109B2F600E913F5 /* Polyglot.swift in Sources */,
				825AEBCB21907CF600A98A4B /* CollectionExtension.swift in Sources */,
				824DAA6B1CDB80E10077F93A /* CommandLineParser.swift in Sources */,
				828ED5351C710C2B00E0E947 /* StringsFileUpdater.swift in Sources */,
				825AEBD521907CF600A98A4B /* DictionaryExtension.swift in Sources */,
				825AEBD121907CF600A98A4B /* TimeIntervalExtension.swift in Sources */,
				825AEBEA21907D2900A98A4B /* String+Rainbow.swift in Sources */,
				825AEBF621907D2900A98A4B /* ModesExtractor.swift in Sources */,
				825AEBC321907CF600A98A4B /* Unowned.swift in Sources */,
				825AEBD321907CF600A98A4B /* StringExtension.swift in Sources */,
				828ED5371C710C3100E0E947 /* StringsFilesSearch.swift in Sources */,
				825AEBEE21907D2900A98A4B /* BackgroundColor.swift in Sources */,
				824DAA641CDB6F520077F93A /* SubCommander.swift in Sources */,
				825AEBE421907D2900A98A4B /* StringGenerator.swift in Sources */,
				825CDA462108961C00CC3AD1 /* Option.swift in Sources */,
				825AEBF021907D2900A98A4B /* Rainbow.swift in Sources */,
				820111092109B2F600E913F5 /* StringExtensionPolyglot.swift in Sources */,
				E78B1E151DFAB33900C7C290 /* ExtractLocStringsCommander.swift in Sources */,
				825AEBF421907D2900A98A4B /* XcodeColorsSupport.swift in Sources */,
				825AEBF821907D2900A98A4B /* Color.swift in Sources */,
				82CDE2761C6ABE5D00055FE6 /* main.swift in Sources */,
				825CDA482108961C00CC3AD1 /* StringExtensions.swift in Sources */,
				A140FE0F1D4BD6FB001E0C4B /* Commander.swift in Sources */,
				825AEBD721907CF600A98A4B /* DispatchTimeIntervalExtension.swift in Sources */,
				825AEBEC21907D2900A98A4B /* CodesParser.swift in Sources */,
				820111082109B2F600E913F5 /* Session.swift in Sources */,
				824DAA5E1CDB60E00077F93A /* CommandLineActor.swift in Sources */,
				E78B1E181DFABB1900C7C290 /* CodeCommander.swift in Sources */,
				825AEBC721907CF600A98A4B /* Weak.swift in Sources */,
				825AEBCF21907CF600A98A4B /* IntExtension.swift in Sources */,
				825AEBC121907CF600A98A4B /* Regex.swift in Sources */,
				825AEBCD21907CF600A98A4B /* ArrayExtension.swift in Sources */,
				825CDA442108961C00CC3AD1 /* CommandLineKit.swift in Sources */,
				824DAA5F1CDB60E90077F93A /* GenStringsCommander.swift in Sources */,
				825AEBE821907D2900A98A4B /* Style.swift in Sources */,
				825AEBF221907D2900A98A4B /* ControlCode.swift in Sources */,
				825AEBC921907CF600A98A4B /* Globals.swift in Sources */,
				825AEBE621907D2900A98A4B /* OutputTarget.swift in Sources */,
			);
			runOnlyForDeploymentPostprocessing = 0;
		};
		82CDE27A1C6ABF3A00055FE6 /* Sources */ = {
			isa = PBXSourcesBuildPhase;
			buildActionMask = 2147483647;
			files = (
				82125E931D0312CF00B9C66B /* Commander.swift in Sources */,
				E78B1E141DFAB33200C7C290 /* ExtractLocStringsCommander.swift in Sources */,
				825AEBCE21907CF600A98A4B /* ArrayExtension.swift in Sources */,
				824DAA5D1CDB60E00077F93A /* CommandLineActor.swift in Sources */,
				825AEBCA21907CF600A98A4B /* Globals.swift in Sources */,
				825AEBE721907D2900A98A4B /* OutputTarget.swift in Sources */,
				821DED3A1C70CFBB00B8353B /* StringsFilesSearch.swift in Sources */,
				825AEBEF21907D2900A98A4B /* BackgroundColor.swift in Sources */,
				825AEBD621907CF600A98A4B /* DictionaryExtension.swift in Sources */,
				825AEBC821907CF600A98A4B /* Weak.swift in Sources */,
				825AEBC421907CF600A98A4B /* Unowned.swift in Sources */,
				825AEBE921907D2900A98A4B /* Style.swift in Sources */,
				825AEBD821907CF600A98A4B /* DispatchTimeIntervalExtension.swift in Sources */,
				82CDE2E01C6BF35500055FE6 /* StringsFileUpdater.swift in Sources */,
				825AEBF121907D2900A98A4B /* Rainbow.swift in Sources */,
				825AEBED21907D2900A98A4B /* CodesParser.swift in Sources */,
				825AEBE521907D2900A98A4B /* StringGenerator.swift in Sources */,
				825AEBD421907CF600A98A4B /* StringExtension.swift in Sources */,
				825CDA452108961C00CC3AD1 /* Option.swift in Sources */,
				825AEBC221907CF600A98A4B /* Regex.swift in Sources */,
				825AEBF921907D2900A98A4B /* Color.swift in Sources */,
				825AEBCC21907CF600A98A4B /* CollectionExtension.swift in Sources */,
				82463DFA1CD910FD00D28A2C /* GenStringsCommander.swift in Sources */,
				825CDA432108961C00CC3AD1 /* CommandLineKit.swift in Sources */,
				825CDA472108961C00CC3AD1 /* StringExtensions.swift in Sources */,
				825AEBF521907D2900A98A4B /* XcodeColorsSupport.swift in Sources */,
				00135F852056CDA700696558 /* PrintLevel.swift in Sources */,
				825AEBD221907CF600A98A4B /* TimeIntervalExtension.swift in Sources */,
				825AEBF721907D2900A98A4B /* ModesExtractor.swift in Sources */,
				825AEBC021907CF600A98A4B /* FrequencyTable.swift in Sources */,
				82CDE2EB1C6BF9D900055FE6 /* IBToolCommander.swift in Sources */,
				825CDA812108961C00CC3AD1 /* Session.swift in Sources */,
				824DAA6A1CDB80E10077F93A /* CommandLineParser.swift in Sources */,
				E78B1E171DFABA5500C7C290 /* CodeCommander.swift in Sources */,
				825CDA852108961C00CC3AD1 /* Polyglot.swift in Sources */,
				825AEBF321907D2900A98A4B /* ControlCode.swift in Sources */,
				824DAA631CDB6F520077F93A /* SubCommander.swift in Sources */,
				825AEBC621907CF600A98A4B /* SortedArray.swift in Sources */,
				825AEBD021907CF600A98A4B /* IntExtension.swift in Sources */,
				825CDA832108961C00CC3AD1 /* StringExtensionPolyglot.swift in Sources */,
				825AEBEB21907D2900A98A4B /* String+Rainbow.swift in Sources */,
			);
			runOnlyForDeploymentPostprocessing = 0;
		};
		82CDE2841C6ABF3A00055FE6 /* Sources */ = {
			isa = PBXSourcesBuildPhase;
			buildActionMask = 2147483647;
			files = (
				82CDE2ED1C6BFE8F00055FE6 /* IBToolCommanderTests.swift in Sources */,
				821DED3C1C70D04B00B8353B /* StringsFilesSearchTests.swift in Sources */,
				82463E0B1CD9197600D28A2C /* GenStringsCommanderTests.swift in Sources */,
				9CAC272E20E5119500B7E112 /* FindFilesTests.swift in Sources */,
				824DAA6D1CDBA55F0077F93A /* CommandLineParserTests.swift in Sources */,
				E7974AF31DFAE9DF00E31754 /* ExtractLocStringsCommanderTests.swift in Sources */,
				82CDE2EF1C6BFE9D00055FE6 /* StringsFileUpdaterTests.swift in Sources */,
				8278A9001CA129C30041B196 /* Constants.m in Sources */,
				824DAA611CDB61140077F93A /* CommandLineActorTests.swift in Sources */,
			);
			runOnlyForDeploymentPostprocessing = 0;
		};
/* End PBXSourcesBuildPhase section */

/* Begin PBXTargetDependency section */
		82CDE28B1C6ABF3A00055FE6 /* PBXTargetDependency */ = {
			isa = PBXTargetDependency;
			target = 82CDE27E1C6ABF3A00055FE6 /* BartyCrouchKit */;
			targetProxy = 82CDE28A1C6ABF3A00055FE6 /* PBXContainerItemProxy */;
		};
/* End PBXTargetDependency section */

/* Begin PBXVariantGroup section */
		825AEB4621904A7B00A98A4B /* Example.strings */ = {
			isa = PBXVariantGroup;
			children = (
				825AEB4721904A7B00A98A4B /* de */,
				825AEB4821904A7B00A98A4B /* zh-Hans */,
				825AEB4921904A7B00A98A4B /* ja */,
				825AEB4A21904A7B00A98A4B /* en */,
			);
			name = Example.strings;
			sourceTree = "<group>";
		};
		825AEB4B21904A7B00A98A4B /* Example.storyboard.strings */ = {
			isa = PBXVariantGroup;
			children = (
				825AEB4C21904A7B00A98A4B /* Base */,
			);
			name = Example.storyboard.strings;
			sourceTree = "<group>";
		};
		825AEB4D21904A7B00A98A4B /* Example.storyboard */ = {
			isa = PBXVariantGroup;
			children = (
				825AEB4E21904A7B00A98A4B /* Base */,
			);
			name = Example.storyboard;
			sourceTree = "<group>";
		};
		825AEB5021904A7B00A98A4B /* Example.strings */ = {
			isa = PBXVariantGroup;
			children = (
				825AEB5121904A7B00A98A4B /* de */,
				825AEB5221904A7B00A98A4B /* zh-Hans */,
				825AEB5321904A7B00A98A4B /* ja */,
				825AEB5421904A7B00A98A4B /* en */,
			);
			name = Example.strings;
			sourceTree = "<group>";
		};
		825AEB5521904A7B00A98A4B /* Example.storyboard.strings */ = {
			isa = PBXVariantGroup;
			children = (
				825AEB5621904A7B00A98A4B /* Base */,
			);
			name = Example.storyboard.strings;
			sourceTree = "<group>";
		};
		825AEB5721904A7B00A98A4B /* Example.storyboard */ = {
			isa = PBXVariantGroup;
			children = (
				825AEB5821904A7B00A98A4B /* Base */,
			);
			name = Example.storyboard;
			sourceTree = "<group>";
		};
		825AEB5A21904A7B00A98A4B /* Example.strings */ = {
			isa = PBXVariantGroup;
			children = (
				825AEB5B21904A7B00A98A4B /* de */,
				825AEB5C21904A7B00A98A4B /* zh-Hans */,
				825AEB5D21904A7B00A98A4B /* ja */,
				825AEB5E21904A7B00A98A4B /* en */,
			);
			name = Example.strings;
			sourceTree = "<group>";
		};
		825AEB5F21904A7B00A98A4B /* Example.storyboard.strings */ = {
			isa = PBXVariantGroup;
			children = (
				825AEB6021904A7B00A98A4B /* Base */,
			);
			name = Example.storyboard.strings;
			sourceTree = "<group>";
		};
		825AEB6121904A7B00A98A4B /* Example.storyboard */ = {
			isa = PBXVariantGroup;
			children = (
				825AEB6221904A7B00A98A4B /* Base */,
			);
			name = Example.storyboard;
			sourceTree = "<group>";
		};
		825AEB7221904A7B00A98A4B /* Localizable.strings */ = {
			isa = PBXVariantGroup;
			children = (
				825AEB7321904A7B00A98A4B /* de */,
				825AEB7421904A7B00A98A4B /* zh-Hans */,
				825AEB7721904A7B00A98A4B /* ja */,
				825AEB7821904A7B00A98A4B /* en */,
			);
			name = Localizable.strings;
			sourceTree = "<group>";
		};
		825AEB7521904A7B00A98A4B /* CustomName.strings */ = {
			isa = PBXVariantGroup;
			children = (
				825AEB7621904A7B00A98A4B /* zh-Hans */,
			);
			name = CustomName.strings;
			sourceTree = "<group>";
		};
		825AEB7921904A7B00A98A4B /* InfoPlist.strings */ = {
			isa = PBXVariantGroup;
			children = (
				825AEB7A21904A7B00A98A4B /* en */,
			);
			name = InfoPlist.strings;
			sourceTree = "<group>";
		};
		825AEB7E21904A7B00A98A4B /* Localizable.strings */ = {
			isa = PBXVariantGroup;
			children = (
				825AEB7F21904A7B00A98A4B /* Base */,
			);
			name = Localizable.strings;
			sourceTree = "<group>";
		};
/* End PBXVariantGroup section */

/* Begin XCBuildConfiguration section */
		82CDE2581C6ABB3400055FE6 /* Debug */ = {
			isa = XCBuildConfiguration;
			buildSettings = {
				ALWAYS_SEARCH_USER_PATHS = NO;
				CLANG_ANALYZER_LOCALIZABILITY_NONLOCALIZED = YES;
				CLANG_CXX_LANGUAGE_STANDARD = "gnu++0x";
				CLANG_CXX_LIBRARY = "libc++";
				CLANG_ENABLE_MODULES = YES;
				CLANG_ENABLE_OBJC_ARC = YES;
				CLANG_WARN_BLOCK_CAPTURE_AUTORELEASING = YES;
				CLANG_WARN_BOOL_CONVERSION = YES;
				CLANG_WARN_COMMA = YES;
				CLANG_WARN_CONSTANT_CONVERSION = YES;
				CLANG_WARN_DEPRECATED_OBJC_IMPLEMENTATIONS = YES;
				CLANG_WARN_DIRECT_OBJC_ISA_USAGE = YES_ERROR;
				CLANG_WARN_EMPTY_BODY = YES;
				CLANG_WARN_ENUM_CONVERSION = YES;
				CLANG_WARN_INFINITE_RECURSION = YES;
				CLANG_WARN_INT_CONVERSION = YES;
				CLANG_WARN_NON_LITERAL_NULL_CONVERSION = YES;
				CLANG_WARN_OBJC_IMPLICIT_RETAIN_SELF = YES;
				CLANG_WARN_OBJC_LITERAL_CONVERSION = YES;
				CLANG_WARN_OBJC_ROOT_CLASS = YES_ERROR;
				CLANG_WARN_RANGE_LOOP_ANALYSIS = YES;
				CLANG_WARN_STRICT_PROTOTYPES = YES;
				CLANG_WARN_SUSPICIOUS_MOVE = YES;
				CLANG_WARN_UNREACHABLE_CODE = YES;
				CLANG_WARN__DUPLICATE_METHOD_MATCH = YES;
				"CODE_SIGN_IDENTITY[sdk=iphoneos*]" = "iPhone Developer";
				COPY_PHASE_STRIP = NO;
				CURRENT_PROJECT_VERSION = 1;
				DEBUG_INFORMATION_FORMAT = dwarf;
				ENABLE_STRICT_OBJC_MSGSEND = YES;
				ENABLE_TESTABILITY = YES;
				GCC_C_LANGUAGE_STANDARD = gnu99;
				GCC_DYNAMIC_NO_PIC = NO;
				GCC_NO_COMMON_BLOCKS = YES;
				GCC_OPTIMIZATION_LEVEL = 0;
				GCC_PREPROCESSOR_DEFINITIONS = (
					"DEBUG=1",
					"$(inherited)",
				);
				GCC_WARN_64_TO_32_BIT_CONVERSION = YES;
				GCC_WARN_ABOUT_RETURN_TYPE = YES_ERROR;
				GCC_WARN_UNDECLARED_SELECTOR = YES;
				GCC_WARN_UNINITIALIZED_AUTOS = YES_AGGRESSIVE;
				GCC_WARN_UNUSED_FUNCTION = YES;
				GCC_WARN_UNUSED_VARIABLE = YES;
				IPHONEOS_DEPLOYMENT_TARGET = 9.2;
				MTL_ENABLE_DEBUG_INFO = YES;
				ONLY_ACTIVE_ARCH = YES;
				SDKROOT = iphoneos;
				SWIFT_OPTIMIZATION_LEVEL = "-Onone";
				SWIFT_VERSION = 3.0;
				TARGETED_DEVICE_FAMILY = "1,2";
				VERSIONING_SYSTEM = "apple-generic";
				VERSION_INFO_PREFIX = "";
			};
			name = Debug;
		};
		82CDE2591C6ABB3400055FE6 /* Release */ = {
			isa = XCBuildConfiguration;
			buildSettings = {
				ALWAYS_SEARCH_USER_PATHS = NO;
				CLANG_ANALYZER_LOCALIZABILITY_NONLOCALIZED = YES;
				CLANG_CXX_LANGUAGE_STANDARD = "gnu++0x";
				CLANG_CXX_LIBRARY = "libc++";
				CLANG_ENABLE_MODULES = YES;
				CLANG_ENABLE_OBJC_ARC = YES;
				CLANG_WARN_BLOCK_CAPTURE_AUTORELEASING = YES;
				CLANG_WARN_BOOL_CONVERSION = YES;
				CLANG_WARN_COMMA = YES;
				CLANG_WARN_CONSTANT_CONVERSION = YES;
				CLANG_WARN_DEPRECATED_OBJC_IMPLEMENTATIONS = YES;
				CLANG_WARN_DIRECT_OBJC_ISA_USAGE = YES_ERROR;
				CLANG_WARN_EMPTY_BODY = YES;
				CLANG_WARN_ENUM_CONVERSION = YES;
				CLANG_WARN_INFINITE_RECURSION = YES;
				CLANG_WARN_INT_CONVERSION = YES;
				CLANG_WARN_NON_LITERAL_NULL_CONVERSION = YES;
				CLANG_WARN_OBJC_IMPLICIT_RETAIN_SELF = YES;
				CLANG_WARN_OBJC_LITERAL_CONVERSION = YES;
				CLANG_WARN_OBJC_ROOT_CLASS = YES_ERROR;
				CLANG_WARN_RANGE_LOOP_ANALYSIS = YES;
				CLANG_WARN_STRICT_PROTOTYPES = YES;
				CLANG_WARN_SUSPICIOUS_MOVE = YES;
				CLANG_WARN_UNREACHABLE_CODE = YES;
				CLANG_WARN__DUPLICATE_METHOD_MATCH = YES;
				"CODE_SIGN_IDENTITY[sdk=iphoneos*]" = "iPhone Developer";
				COPY_PHASE_STRIP = NO;
				CURRENT_PROJECT_VERSION = 1;
				DEBUG_INFORMATION_FORMAT = "dwarf-with-dsym";
				ENABLE_NS_ASSERTIONS = NO;
				ENABLE_STRICT_OBJC_MSGSEND = YES;
				GCC_C_LANGUAGE_STANDARD = gnu99;
				GCC_NO_COMMON_BLOCKS = YES;
				GCC_WARN_64_TO_32_BIT_CONVERSION = YES;
				GCC_WARN_ABOUT_RETURN_TYPE = YES_ERROR;
				GCC_WARN_UNDECLARED_SELECTOR = YES;
				GCC_WARN_UNINITIALIZED_AUTOS = YES_AGGRESSIVE;
				GCC_WARN_UNUSED_FUNCTION = YES;
				GCC_WARN_UNUSED_VARIABLE = YES;
				IPHONEOS_DEPLOYMENT_TARGET = 9.2;
				MTL_ENABLE_DEBUG_INFO = NO;
				SDKROOT = iphoneos;
				SWIFT_OPTIMIZATION_LEVEL = "-Owholemodule";
				SWIFT_VERSION = 3.0;
				TARGETED_DEVICE_FAMILY = "1,2";
				VALIDATE_PRODUCT = YES;
				VERSIONING_SYSTEM = "apple-generic";
				VERSION_INFO_PREFIX = "";
			};
			name = Release;
		};
		82CDE2781C6ABE5D00055FE6 /* Debug */ = {
			isa = XCBuildConfiguration;
			buildSettings = {
				CODE_SIGN_IDENTITY = "-";
				MACOSX_DEPLOYMENT_TARGET = 10.11;
				PRODUCT_NAME = bartycrouch;
				SDKROOT = macosx;
				SWIFT_VERSION = 4.0;
			};
			name = Debug;
		};
		82CDE2791C6ABE5D00055FE6 /* Release */ = {
			isa = XCBuildConfiguration;
			buildSettings = {
				CODE_SIGN_IDENTITY = "-";
				MACOSX_DEPLOYMENT_TARGET = 10.11;
				PRODUCT_NAME = bartycrouch;
				SDKROOT = macosx;
				SWIFT_OPTIMIZATION_LEVEL = "-Owholemodule";
				SWIFT_VERSION = 4.0;
			};
			name = Release;
		};
		82CDE2911C6ABF3A00055FE6 /* Debug */ = {
			isa = XCBuildConfiguration;
			buildSettings = {
				ALWAYS_EMBED_SWIFT_STANDARD_LIBRARIES = YES;
				CLANG_ENABLE_MODULES = YES;
				CODE_SIGN_IDENTITY = "";
				COMBINE_HIDPI_IMAGES = YES;
				DEFINES_MODULE = YES;
				DYLIB_COMPATIBILITY_VERSION = 1;
				DYLIB_CURRENT_VERSION = 1;
				DYLIB_INSTALL_NAME_BASE = "@rpath";
				FRAMEWORK_VERSION = A;
				INFOPLIST_FILE = Sources/SupportingFiles/Info.plist;
				INSTALL_PATH = "$(LOCAL_LIBRARY_DIR)/Frameworks";
				LD_RUNPATH_SEARCH_PATHS = "$(inherited) @executable_path/../Frameworks @loader_path/Frameworks";
				MACOSX_DEPLOYMENT_TARGET = 10.10;
				PRODUCT_BUNDLE_IDENTIFIER = com.flinesoft.BartyCrouchKit;
				PRODUCT_NAME = "$(TARGET_NAME)";
				SDKROOT = macosx;
				SKIP_INSTALL = YES;
				SWIFT_OPTIMIZATION_LEVEL = "-Onone";
				SWIFT_VERSION = 4.0;
			};
			name = Debug;
		};
		82CDE2921C6ABF3A00055FE6 /* Release */ = {
			isa = XCBuildConfiguration;
			buildSettings = {
				ALWAYS_EMBED_SWIFT_STANDARD_LIBRARIES = YES;
				CLANG_ENABLE_MODULES = YES;
				CODE_SIGN_IDENTITY = "";
				COMBINE_HIDPI_IMAGES = YES;
				DEFINES_MODULE = YES;
				DYLIB_COMPATIBILITY_VERSION = 1;
				DYLIB_CURRENT_VERSION = 1;
				DYLIB_INSTALL_NAME_BASE = "@rpath";
				FRAMEWORK_VERSION = A;
				INFOPLIST_FILE = Sources/SupportingFiles/Info.plist;
				INSTALL_PATH = "$(LOCAL_LIBRARY_DIR)/Frameworks";
				LD_RUNPATH_SEARCH_PATHS = "$(inherited) @executable_path/../Frameworks @loader_path/Frameworks";
				MACOSX_DEPLOYMENT_TARGET = 10.10;
				PRODUCT_BUNDLE_IDENTIFIER = com.flinesoft.BartyCrouchKit;
				PRODUCT_NAME = "$(TARGET_NAME)";
				SDKROOT = macosx;
				SKIP_INSTALL = YES;
				SWIFT_VERSION = 4.0;
			};
			name = Release;
		};
		82CDE2941C6ABF3A00055FE6 /* Debug */ = {
			isa = XCBuildConfiguration;
			buildSettings = {
				CLANG_ENABLE_MODULES = YES;
				CODE_SIGN_IDENTITY = "-";
				COMBINE_HIDPI_IMAGES = YES;
				GCC_PREPROCESSOR_DEFINITIONS = "PROJECT_DIR=@\\\"$PROJECT_DIR\\\"";
				INFOPLIST_FILE = Tests/SupportingFiles/Info.plist;
				LD_RUNPATH_SEARCH_PATHS = "$(inherited) @executable_path/../Frameworks @loader_path/../Frameworks";
				MACOSX_DEPLOYMENT_TARGET = 10.11;
				PRODUCT_BUNDLE_IDENTIFIER = com.flinesoft.BartyCrouchTests;
				PRODUCT_NAME = "$(TARGET_NAME)";
				SDKROOT = macosx;
				SWIFT_OBJC_BRIDGING_HEADER = "Tests/SupportingFiles/BartyCrouchKitTests-Bridging-Header.h";
				SWIFT_OPTIMIZATION_LEVEL = "-Onone";
				SWIFT_VERSION = 4.0;
			};
			name = Debug;
		};
		82CDE2951C6ABF3A00055FE6 /* Release */ = {
			isa = XCBuildConfiguration;
			buildSettings = {
				CLANG_ENABLE_MODULES = YES;
				CODE_SIGN_IDENTITY = "-";
				COMBINE_HIDPI_IMAGES = YES;
				GCC_PREPROCESSOR_DEFINITIONS = "PROJECT_DIR=@\\\"$PROJECT_DIR\\\"";
				INFOPLIST_FILE = Tests/SupportingFiles/Info.plist;
				LD_RUNPATH_SEARCH_PATHS = "$(inherited) @executable_path/../Frameworks @loader_path/../Frameworks";
				MACOSX_DEPLOYMENT_TARGET = 10.11;
				PRODUCT_BUNDLE_IDENTIFIER = com.flinesoft.BartyCrouchTests;
				PRODUCT_NAME = "$(TARGET_NAME)";
				SDKROOT = macosx;
				SWIFT_OBJC_BRIDGING_HEADER = "Tests/SupportingFiles/BartyCrouchKitTests-Bridging-Header.h";
				SWIFT_VERSION = 4.0;
			};
			name = Release;
		};
/* End XCBuildConfiguration section */

/* Begin XCConfigurationList section */
		82CDE2401C6ABB3300055FE6 /* Build configuration list for PBXProject "BartyCrouch" */ = {
			isa = XCConfigurationList;
			buildConfigurations = (
				82CDE2581C6ABB3400055FE6 /* Debug */,
				82CDE2591C6ABB3400055FE6 /* Release */,
			);
			defaultConfigurationIsVisible = 0;
			defaultConfigurationName = Release;
		};
		82CDE2771C6ABE5D00055FE6 /* Build configuration list for PBXNativeTarget "BartyCrouch" */ = {
			isa = XCConfigurationList;
			buildConfigurations = (
				82CDE2781C6ABE5D00055FE6 /* Debug */,
				82CDE2791C6ABE5D00055FE6 /* Release */,
			);
			defaultConfigurationIsVisible = 0;
			defaultConfigurationName = Release;
		};
		82CDE2901C6ABF3A00055FE6 /* Build configuration list for PBXNativeTarget "BartyCrouchKit" */ = {
			isa = XCConfigurationList;
			buildConfigurations = (
				82CDE2911C6ABF3A00055FE6 /* Debug */,
				82CDE2921C6ABF3A00055FE6 /* Release */,
			);
			defaultConfigurationIsVisible = 0;
			defaultConfigurationName = Release;
		};
		82CDE2931C6ABF3A00055FE6 /* Build configuration list for PBXNativeTarget "BartyCrouchTests" */ = {
			isa = XCConfigurationList;
			buildConfigurations = (
				82CDE2941C6ABF3A00055FE6 /* Debug */,
				82CDE2951C6ABF3A00055FE6 /* Release */,
			);
			defaultConfigurationIsVisible = 0;
			defaultConfigurationName = Release;
		};
/* End XCConfigurationList section */
	};
	rootObject = 82CDE23D1C6ABB3300055FE6 /* Project object */;
}
